// !$*UTF8*$!
{
	archiveVersion = 1;
	classes = {
	};
	objectVersion = 55;
	objects = {

/* Begin PBXBuildFile section */
		DB1DBF9728B7E0AA00F2FE07 /* DashboardToolbar.swift in Sources */ = {isa = PBXBuildFile; fileRef = DB1DBF9628B7E0AA00F2FE07 /* DashboardToolbar.swift */; };
		DB1DBF9928B7E18000F2FE07 /* ReciprocityForm.swift in Sources */ = {isa = PBXBuildFile; fileRef = DB1DBF9828B7E18000F2FE07 /* ReciprocityForm.swift */; };
		DB1DBF9B28B7E1AC00F2FE07 /* FilterForm.swift in Sources */ = {isa = PBXBuildFile; fileRef = DB1DBF9A28B7E1AC00F2FE07 /* FilterForm.swift */; };
		DB1DBF9D28B7E24E00F2FE07 /* BellowsExtensionHistorySheet.swift in Sources */ = {isa = PBXBuildFile; fileRef = DB1DBF9C28B7E24E00F2FE07 /* BellowsExtensionHistorySheet.swift */; };
		DB1DBF9F28B7E27600F2FE07 /* ReciprocityHistorySheet.swift in Sources */ = {isa = PBXBuildFile; fileRef = DB1DBF9E28B7E27600F2FE07 /* ReciprocityHistorySheet.swift */; };
		DB1DBFA128B7E33C00F2FE07 /* TileSheet.swift in Sources */ = {isa = PBXBuildFile; fileRef = DB1DBFA028B7E33C00F2FE07 /* TileSheet.swift */; };
		DB3C5DE328BADB0E003852FA /* FilterDataCard.swift in Sources */ = {isa = PBXBuildFile; fileRef = DB3C5DE228BADB0E003852FA /* FilterDataCard.swift */; };
		DB3C5DE528BADDA3003852FA /* AddFilterDataSheet.swift in Sources */ = {isa = PBXBuildFile; fileRef = DB3C5DE428BADDA3003852FA /* AddFilterDataSheet.swift */; };
		DB560C39287A6CC700CC891A /* AnselApp.swift in Sources */ = {isa = PBXBuildFile; fileRef = DB560C38287A6CC700CC891A /* AnselApp.swift */; };
		DB560C3B287A6CC700CC891A /* ContentView.swift in Sources */ = {isa = PBXBuildFile; fileRef = DB560C3A287A6CC700CC891A /* ContentView.swift */; };
		DB560C3D287A6CCA00CC891A /* Assets.xcassets in Resources */ = {isa = PBXBuildFile; fileRef = DB560C3C287A6CCA00CC891A /* Assets.xcassets */; };
		DB560C40287A6CCA00CC891A /* Preview Assets.xcassets in Resources */ = {isa = PBXBuildFile; fileRef = DB560C3F287A6CCA00CC891A /* Preview Assets.xcassets */; };
		DB560C42287A6CCA00CC891A /* Persistence.swift in Sources */ = {isa = PBXBuildFile; fileRef = DB560C41287A6CCA00CC891A /* Persistence.swift */; };
		DB560C45287A6CCA00CC891A /* Lumen.xcdatamodeld in Sources */ = {isa = PBXBuildFile; fileRef = DB560C43287A6CCA00CC891A /* Lumen.xcdatamodeld */; };
		DB560C4F287A6CCA00CC891A /* LumenTests.swift in Sources */ = {isa = PBXBuildFile; fileRef = DB560C4E287A6CCA00CC891A /* LumenTests.swift */; };
		DB560C59287A6CCA00CC891A /* LumenUITests.swift in Sources */ = {isa = PBXBuildFile; fileRef = DB560C58287A6CCA00CC891A /* LumenUITests.swift */; };
		DB560C5B287A6CCA00CC891A /* LumenUITestsLaunchTests.swift in Sources */ = {isa = PBXBuildFile; fileRef = DB560C5A287A6CCA00CC891A /* LumenUITestsLaunchTests.swift */; };
		DB5A4A3428BBDAE7006B093B /* Privacy.swift in Sources */ = {isa = PBXBuildFile; fileRef = DB5A4A3328BBDAE7006B093B /* Privacy.swift */; };
		DB5A4A3628BBE041006B093B /* About.swift in Sources */ = {isa = PBXBuildFile; fileRef = DB5A4A3528BBE041006B093B /* About.swift */; };
		DB5A4A3828BBE469006B093B /* Feedback.swift in Sources */ = {isa = PBXBuildFile; fileRef = DB5A4A3728BBE469006B093B /* Feedback.swift */; };
		DB80123228B840AB00AC7EAC /* AppIcon.swift in Sources */ = {isa = PBXBuildFile; fileRef = DB80123128B840AB00AC7EAC /* AppIcon.swift */; };
		DB80127E28B8532D00AC7EAC /* Theme.swift in Sources */ = {isa = PBXBuildFile; fileRef = DB80127D28B8532D00AC7EAC /* Theme.swift */; };
		DB80128028B9076900AC7EAC /* FilterHistorySheet.swift in Sources */ = {isa = PBXBuildFile; fileRef = DB80127F28B9076900AC7EAC /* FilterHistorySheet.swift */; };
		DB80128228B9A98A00AC7EAC /* BellowsDataCard.swift in Sources */ = {isa = PBXBuildFile; fileRef = DB80128128B9A98A00AC7EAC /* BellowsDataCard.swift */; };
		DB80128628B9ADB500AC7EAC /* AddBellowsDataSheet.swift in Sources */ = {isa = PBXBuildFile; fileRef = DB80128528B9ADB500AC7EAC /* AddBellowsDataSheet.swift */; };
		DB80128B28BA58CF00AC7EAC /* NewNote.swift in Sources */ = {isa = PBXBuildFile; fileRef = DB80128A28BA58CF00AC7EAC /* NewNote.swift */; };
		DB80128D28BA590900AC7EAC /* Note.swift in Sources */ = {isa = PBXBuildFile; fileRef = DB80128C28BA590900AC7EAC /* Note.swift */; };
		DB80128F28BA593000AC7EAC /* NoteList.swift in Sources */ = {isa = PBXBuildFile; fileRef = DB80128E28BA593000AC7EAC /* NoteList.swift */; };
		DB80129128BAB5DD00AC7EAC /* ReciprocityDataCard.swift in Sources */ = {isa = PBXBuildFile; fileRef = DB80129028BAB5DD00AC7EAC /* ReciprocityDataCard.swift */; };
		DB80129328BABD1C00AC7EAC /* AddReciprocityDataSheet.swift in Sources */ = {isa = PBXBuildFile; fileRef = DB80129228BABD1C00AC7EAC /* AddReciprocityDataSheet.swift */; };
		DB901B30287CB60E00EC04D7 /* Extensions.swift in Sources */ = {isa = PBXBuildFile; fileRef = DB901B2F287CB60E00EC04D7 /* Extensions.swift */; };
		DB901B32287CB62700EC04D7 /* Modifiers.swift in Sources */ = {isa = PBXBuildFile; fileRef = DB901B31287CB62700EC04D7 /* Modifiers.swift */; };
		DB901B34287CB68600EC04D7 /* DataModels.swift in Sources */ = {isa = PBXBuildFile; fileRef = DB901B33287CB68600EC04D7 /* DataModels.swift */; };
		DB901B37287CB6F800EC04D7 /* FormInput.swift in Sources */ = {isa = PBXBuildFile; fileRef = DB901B36287CB6F800EC04D7 /* FormInput.swift */; };
		DB901B39287CB75A00EC04D7 /* BellowsExtensionForm.swift in Sources */ = {isa = PBXBuildFile; fileRef = DB901B38287CB75A00EC04D7 /* BellowsExtensionForm.swift */; };
		DB901B3B287CB86100EC04D7 /* PriorityModeToggle.swift in Sources */ = {isa = PBXBuildFile; fileRef = DB901B3A287CB86100EC04D7 /* PriorityModeToggle.swift */; };
		DB901B3D287CB99500EC04D7 /* BellowsExtensionFactor.swift in Sources */ = {isa = PBXBuildFile; fileRef = DB901B3C287CB99500EC04D7 /* BellowsExtensionFactor.swift */; };
		DB901B3F287D03E800EC04D7 /* ReciprocityFactor.swift in Sources */ = {isa = PBXBuildFile; fileRef = DB901B3E287D03E800EC04D7 /* ReciprocityFactor.swift */; };
		DB901B41287D047600EC04D7 /* CalculateButton.swift in Sources */ = {isa = PBXBuildFile; fileRef = DB901B40287D047600EC04D7 /* CalculateButton.swift */; };
		DB901B49287DBF7300EC04D7 /* Notes.swift in Sources */ = {isa = PBXBuildFile; fileRef = DB901B48287DBF7300EC04D7 /* Notes.swift */; };
		DBB4FA5128AD4A8500186039 /* Utils.swift in Sources */ = {isa = PBXBuildFile; fileRef = DBB4FA5028AD4A8500186039 /* Utils.swift */; };
		DBB4FA5328AD72F700186039 /* FilterFactor.swift in Sources */ = {isa = PBXBuildFile; fileRef = DBB4FA5228AD72F700186039 /* FilterFactor.swift */; };
		DBB4FA5928AF211800186039 /* Constants.swift in Sources */ = {isa = PBXBuildFile; fileRef = DBB4FA5828AF211800186039 /* Constants.swift */; };
		DBB4FA6028B561AA00186039 /* Settings.swift in Sources */ = {isa = PBXBuildFile; fileRef = DBB4FA5F28B561AA00186039 /* Settings.swift */; };
		DBB4FA6228B64A2700186039 /* NavigationTile.swift in Sources */ = {isa = PBXBuildFile; fileRef = DBB4FA6128B64A2700186039 /* NavigationTile.swift */; };
		DBB4FA6428B64B0000186039 /* Dashboard.swift in Sources */ = {isa = PBXBuildFile; fileRef = DBB4FA6328B64B0000186039 /* Dashboard.swift */; };
		DBD3BF3628B7B92C00E104BF /* CalculatedResultCard.swift in Sources */ = {isa = PBXBuildFile; fileRef = DBD3BF3528B7B92C00E104BF /* CalculatedResultCard.swift */; };
/* End PBXBuildFile section */

/* Begin PBXContainerItemProxy section */
		DB560C4B287A6CCA00CC891A /* PBXContainerItemProxy */ = {
			isa = PBXContainerItemProxy;
			containerPortal = DB560C2D287A6CC700CC891A /* Project object */;
			proxyType = 1;
			remoteGlobalIDString = DB560C34287A6CC700CC891A;
			remoteInfo = Lumen;
		};
		DB560C55287A6CCA00CC891A /* PBXContainerItemProxy */ = {
			isa = PBXContainerItemProxy;
			containerPortal = DB560C2D287A6CC700CC891A /* Project object */;
			proxyType = 1;
			remoteGlobalIDString = DB560C34287A6CC700CC891A;
			remoteInfo = Lumen;
		};
/* End PBXContainerItemProxy section */

/* Begin PBXFileReference section */
		DB1DBF9628B7E0AA00F2FE07 /* DashboardToolbar.swift */ = {isa = PBXFileReference; lastKnownFileType = sourcecode.swift; path = DashboardToolbar.swift; sourceTree = "<group>"; };
		DB1DBF9828B7E18000F2FE07 /* ReciprocityForm.swift */ = {isa = PBXFileReference; lastKnownFileType = sourcecode.swift; path = ReciprocityForm.swift; sourceTree = "<group>"; };
		DB1DBF9A28B7E1AC00F2FE07 /* FilterForm.swift */ = {isa = PBXFileReference; lastKnownFileType = sourcecode.swift; path = FilterForm.swift; sourceTree = "<group>"; };
		DB1DBF9C28B7E24E00F2FE07 /* BellowsExtensionHistorySheet.swift */ = {isa = PBXFileReference; lastKnownFileType = sourcecode.swift; path = BellowsExtensionHistorySheet.swift; sourceTree = "<group>"; };
		DB1DBF9E28B7E27600F2FE07 /* ReciprocityHistorySheet.swift */ = {isa = PBXFileReference; lastKnownFileType = sourcecode.swift; path = ReciprocityHistorySheet.swift; sourceTree = "<group>"; };
		DB1DBFA028B7E33C00F2FE07 /* TileSheet.swift */ = {isa = PBXFileReference; lastKnownFileType = sourcecode.swift; path = TileSheet.swift; sourceTree = "<group>"; };
		DB3C5DE228BADB0E003852FA /* FilterDataCard.swift */ = {isa = PBXFileReference; lastKnownFileType = sourcecode.swift; path = FilterDataCard.swift; sourceTree = "<group>"; };
		DB3C5DE428BADDA3003852FA /* AddFilterDataSheet.swift */ = {isa = PBXFileReference; lastKnownFileType = sourcecode.swift; path = AddFilterDataSheet.swift; sourceTree = "<group>"; };
		DB560C35287A6CC700CC891A /* Ansel.app */ = {isa = PBXFileReference; explicitFileType = wrapper.application; includeInIndex = 0; path = Ansel.app; sourceTree = BUILT_PRODUCTS_DIR; };
		DB560C38287A6CC700CC891A /* AnselApp.swift */ = {isa = PBXFileReference; lastKnownFileType = sourcecode.swift; path = AnselApp.swift; sourceTree = "<group>"; };
		DB560C3A287A6CC700CC891A /* ContentView.swift */ = {isa = PBXFileReference; lastKnownFileType = sourcecode.swift; path = ContentView.swift; sourceTree = "<group>"; };
		DB560C3C287A6CCA00CC891A /* Assets.xcassets */ = {isa = PBXFileReference; lastKnownFileType = folder.assetcatalog; path = Assets.xcassets; sourceTree = "<group>"; };
		DB560C3F287A6CCA00CC891A /* Preview Assets.xcassets */ = {isa = PBXFileReference; lastKnownFileType = folder.assetcatalog; path = "Preview Assets.xcassets"; sourceTree = "<group>"; };
		DB560C41287A6CCA00CC891A /* Persistence.swift */ = {isa = PBXFileReference; lastKnownFileType = sourcecode.swift; path = Persistence.swift; sourceTree = "<group>"; };
		DB560C44287A6CCA00CC891A /* Lumen.xcdatamodel */ = {isa = PBXFileReference; lastKnownFileType = wrapper.xcdatamodel; path = Lumen.xcdatamodel; sourceTree = "<group>"; };
		DB560C4A287A6CCA00CC891A /* AnselTests.xctest */ = {isa = PBXFileReference; explicitFileType = wrapper.cfbundle; includeInIndex = 0; path = AnselTests.xctest; sourceTree = BUILT_PRODUCTS_DIR; };
		DB560C4E287A6CCA00CC891A /* LumenTests.swift */ = {isa = PBXFileReference; lastKnownFileType = sourcecode.swift; path = LumenTests.swift; sourceTree = "<group>"; };
		DB560C54287A6CCA00CC891A /* AnselUITests.xctest */ = {isa = PBXFileReference; explicitFileType = wrapper.cfbundle; includeInIndex = 0; path = AnselUITests.xctest; sourceTree = BUILT_PRODUCTS_DIR; };
		DB560C58287A6CCA00CC891A /* LumenUITests.swift */ = {isa = PBXFileReference; lastKnownFileType = sourcecode.swift; path = LumenUITests.swift; sourceTree = "<group>"; };
		DB560C5A287A6CCA00CC891A /* LumenUITestsLaunchTests.swift */ = {isa = PBXFileReference; lastKnownFileType = sourcecode.swift; path = LumenUITestsLaunchTests.swift; sourceTree = "<group>"; };
		DB5A4A3228BBD987006B093B /* Privacy.md */ = {isa = PBXFileReference; lastKnownFileType = net.daringfireball.markdown; path = Privacy.md; sourceTree = "<group>"; };
		DB5A4A3328BBDAE7006B093B /* Privacy.swift */ = {isa = PBXFileReference; lastKnownFileType = sourcecode.swift; path = Privacy.swift; sourceTree = "<group>"; };
		DB5A4A3528BBE041006B093B /* About.swift */ = {isa = PBXFileReference; lastKnownFileType = sourcecode.swift; path = About.swift; sourceTree = "<group>"; };
		DB5A4A3728BBE469006B093B /* Feedback.swift */ = {isa = PBXFileReference; lastKnownFileType = sourcecode.swift; path = Feedback.swift; sourceTree = "<group>"; };
		DB80123128B840AB00AC7EAC /* AppIcon.swift */ = {isa = PBXFileReference; lastKnownFileType = sourcecode.swift; path = AppIcon.swift; sourceTree = "<group>"; };
		DB80127D28B8532D00AC7EAC /* Theme.swift */ = {isa = PBXFileReference; lastKnownFileType = sourcecode.swift; path = Theme.swift; sourceTree = "<group>"; };
		DB80127F28B9076900AC7EAC /* FilterHistorySheet.swift */ = {isa = PBXFileReference; lastKnownFileType = sourcecode.swift; path = FilterHistorySheet.swift; sourceTree = "<group>"; };
		DB80128128B9A98A00AC7EAC /* BellowsDataCard.swift */ = {isa = PBXFileReference; lastKnownFileType = sourcecode.swift; path = BellowsDataCard.swift; sourceTree = "<group>"; };
		DB80128528B9ADB500AC7EAC /* AddBellowsDataSheet.swift */ = {isa = PBXFileReference; lastKnownFileType = sourcecode.swift; path = AddBellowsDataSheet.swift; sourceTree = "<group>"; };
		DB80128A28BA58CF00AC7EAC /* NewNote.swift */ = {isa = PBXFileReference; lastKnownFileType = sourcecode.swift; path = NewNote.swift; sourceTree = "<group>"; };
		DB80128C28BA590900AC7EAC /* Note.swift */ = {isa = PBXFileReference; lastKnownFileType = sourcecode.swift; path = Note.swift; sourceTree = "<group>"; };
		DB80128E28BA593000AC7EAC /* NoteList.swift */ = {isa = PBXFileReference; lastKnownFileType = sourcecode.swift; path = NoteList.swift; sourceTree = "<group>"; };
		DB80129028BAB5DD00AC7EAC /* ReciprocityDataCard.swift */ = {isa = PBXFileReference; lastKnownFileType = sourcecode.swift; path = ReciprocityDataCard.swift; sourceTree = "<group>"; };
		DB80129228BABD1C00AC7EAC /* AddReciprocityDataSheet.swift */ = {isa = PBXFileReference; lastKnownFileType = sourcecode.swift; path = AddReciprocityDataSheet.swift; sourceTree = "<group>"; };
		DB901B2F287CB60E00EC04D7 /* Extensions.swift */ = {isa = PBXFileReference; lastKnownFileType = sourcecode.swift; path = Extensions.swift; sourceTree = "<group>"; };
		DB901B31287CB62700EC04D7 /* Modifiers.swift */ = {isa = PBXFileReference; lastKnownFileType = sourcecode.swift; path = Modifiers.swift; sourceTree = "<group>"; };
		DB901B33287CB68600EC04D7 /* DataModels.swift */ = {isa = PBXFileReference; lastKnownFileType = sourcecode.swift; path = DataModels.swift; sourceTree = "<group>"; };
		DB901B36287CB6F800EC04D7 /* FormInput.swift */ = {isa = PBXFileReference; lastKnownFileType = sourcecode.swift; path = FormInput.swift; sourceTree = "<group>"; };
		DB901B38287CB75A00EC04D7 /* BellowsExtensionForm.swift */ = {isa = PBXFileReference; lastKnownFileType = sourcecode.swift; path = BellowsExtensionForm.swift; sourceTree = "<group>"; };
		DB901B3A287CB86100EC04D7 /* PriorityModeToggle.swift */ = {isa = PBXFileReference; lastKnownFileType = sourcecode.swift; path = PriorityModeToggle.swift; sourceTree = "<group>"; };
		DB901B3C287CB99500EC04D7 /* BellowsExtensionFactor.swift */ = {isa = PBXFileReference; lastKnownFileType = sourcecode.swift; path = BellowsExtensionFactor.swift; sourceTree = "<group>"; };
		DB901B3E287D03E800EC04D7 /* ReciprocityFactor.swift */ = {isa = PBXFileReference; lastKnownFileType = sourcecode.swift; path = ReciprocityFactor.swift; sourceTree = "<group>"; };
		DB901B40287D047600EC04D7 /* CalculateButton.swift */ = {isa = PBXFileReference; lastKnownFileType = sourcecode.swift; path = CalculateButton.swift; sourceTree = "<group>"; };
		DB901B48287DBF7300EC04D7 /* Notes.swift */ = {isa = PBXFileReference; lastKnownFileType = sourcecode.swift; path = Notes.swift; sourceTree = "<group>"; };
		DB901B4D287DC13500EC04D7 /* CloudKit.framework */ = {isa = PBXFileReference; lastKnownFileType = wrapper.framework; name = CloudKit.framework; path = System/Library/Frameworks/CloudKit.framework; sourceTree = SDKROOT; };
		DBB4FA5028AD4A8500186039 /* Utils.swift */ = {isa = PBXFileReference; lastKnownFileType = sourcecode.swift; path = Utils.swift; sourceTree = "<group>"; };
		DBB4FA5228AD72F700186039 /* FilterFactor.swift */ = {isa = PBXFileReference; lastKnownFileType = sourcecode.swift; path = FilterFactor.swift; sourceTree = "<group>"; };
		DBB4FA5728AD748600186039 /* README.md */ = {isa = PBXFileReference; lastKnownFileType = net.daringfireball.markdown; path = README.md; sourceTree = "<group>"; };
		DBB4FA5828AF211800186039 /* Constants.swift */ = {isa = PBXFileReference; lastKnownFileType = sourcecode.swift; path = Constants.swift; sourceTree = "<group>"; };
		DBB4FA5F28B561AA00186039 /* Settings.swift */ = {isa = PBXFileReference; lastKnownFileType = sourcecode.swift; path = Settings.swift; sourceTree = "<group>"; };
		DBB4FA6128B64A2700186039 /* NavigationTile.swift */ = {isa = PBXFileReference; lastKnownFileType = sourcecode.swift; path = NavigationTile.swift; sourceTree = "<group>"; };
		DBB4FA6328B64B0000186039 /* Dashboard.swift */ = {isa = PBXFileReference; lastKnownFileType = sourcecode.swift; path = Dashboard.swift; sourceTree = "<group>"; };
		DBD3BF3528B7B92C00E104BF /* CalculatedResultCard.swift */ = {isa = PBXFileReference; lastKnownFileType = sourcecode.swift; path = CalculatedResultCard.swift; sourceTree = "<group>"; };
/* End PBXFileReference section */

/* Begin PBXFrameworksBuildPhase section */
		DB560C32287A6CC700CC891A /* Frameworks */ = {
			isa = PBXFrameworksBuildPhase;
			buildActionMask = 2147483647;
			files = (
			);
			runOnlyForDeploymentPostprocessing = 0;
		};
		DB560C47287A6CCA00CC891A /* Frameworks */ = {
			isa = PBXFrameworksBuildPhase;
			buildActionMask = 2147483647;
			files = (
			);
			runOnlyForDeploymentPostprocessing = 0;
		};
		DB560C51287A6CCA00CC891A /* Frameworks */ = {
			isa = PBXFrameworksBuildPhase;
			buildActionMask = 2147483647;
			files = (
			);
			runOnlyForDeploymentPostprocessing = 0;
		};
/* End PBXFrameworksBuildPhase section */

/* Begin PBXGroup section */
		DB560C2C287A6CC700CC891A = {
			isa = PBXGroup;
			children = (
				DB5A4A3228BBD987006B093B /* Privacy.md */,
				DBB4FA5728AD748600186039 /* README.md */,
				DB560C37287A6CC700CC891A /* Ansel */,
				DB560C4D287A6CCA00CC891A /* AnselTests */,
				DB560C57287A6CCA00CC891A /* AnselUITests */,
				DB560C36287A6CC700CC891A /* Products */,
				DB901B4C287DC13500EC04D7 /* Frameworks */,
			);
			sourceTree = "<group>";
		};
		DB560C36287A6CC700CC891A /* Products */ = {
			isa = PBXGroup;
			children = (
				DB560C35287A6CC700CC891A /* Ansel.app */,
				DB560C4A287A6CCA00CC891A /* AnselTests.xctest */,
				DB560C54287A6CCA00CC891A /* AnselUITests.xctest */,
			);
			name = Products;
			sourceTree = "<group>";
		};
		DB560C37287A6CC700CC891A /* Ansel */ = {
			isa = PBXGroup;
			children = (
				DB901B2F287CB60E00EC04D7 /* Extensions.swift */,
				DB901B31287CB62700EC04D7 /* Modifiers.swift */,
				DB901B33287CB68600EC04D7 /* DataModels.swift */,
				DBB4FA5028AD4A8500186039 /* Utils.swift */,
				DBB4FA5828AF211800186039 /* Constants.swift */,
				DBB4FA5628AD739A00186039 /* Components */,
				DB901B2D287CB5EE00EC04D7 /* Views */,
				DB560C38287A6CC700CC891A /* AnselApp.swift */,
				DB560C3A287A6CC700CC891A /* ContentView.swift */,
				DB560C3C287A6CCA00CC891A /* Assets.xcassets */,
				DB560C41287A6CCA00CC891A /* Persistence.swift */,
				DB560C43287A6CCA00CC891A /* Lumen.xcdatamodeld */,
				DB560C3E287A6CCA00CC891A /* Preview Content */,
			);
			path = Ansel;
			sourceTree = "<group>";
		};
		DB560C3E287A6CCA00CC891A /* Preview Content */ = {
			isa = PBXGroup;
			children = (
				DB560C3F287A6CCA00CC891A /* Preview Assets.xcassets */,
			);
			path = "Preview Content";
			sourceTree = "<group>";
		};
		DB560C4D287A6CCA00CC891A /* AnselTests */ = {
			isa = PBXGroup;
			children = (
				DB560C4E287A6CCA00CC891A /* LumenTests.swift */,
			);
			path = AnselTests;
			sourceTree = "<group>";
		};
		DB560C57287A6CCA00CC891A /* AnselUITests */ = {
			isa = PBXGroup;
			children = (
				DB560C58287A6CCA00CC891A /* LumenUITests.swift */,
				DB560C5A287A6CCA00CC891A /* LumenUITestsLaunchTests.swift */,
			);
			path = AnselUITests;
			sourceTree = "<group>";
		};
		DB80123028B840A300AC7EAC /* Settings */ = {
			isa = PBXGroup;
			children = (
				DBB4FA5F28B561AA00186039 /* Settings.swift */,
				DB80123128B840AB00AC7EAC /* AppIcon.swift */,
				DB80127D28B8532D00AC7EAC /* Theme.swift */,
				DB5A4A3328BBDAE7006B093B /* Privacy.swift */,
				DB5A4A3528BBE041006B093B /* About.swift */,
				DB5A4A3728BBE469006B093B /* Feedback.swift */,
			);
			path = Settings;
			sourceTree = "<group>";
		};
		DB80128328B9AC5600AC7EAC /* BellowsExtension */ = {
			isa = PBXGroup;
			children = (
				DB901B3C287CB99500EC04D7 /* BellowsExtensionFactor.swift */,
				DB1DBF9C28B7E24E00F2FE07 /* BellowsExtensionHistorySheet.swift */,
			);
			path = BellowsExtension;
			sourceTree = "<group>";
		};
		DB80128428B9ADA800AC7EAC /* Notes */ = {
			isa = PBXGroup;
			children = (
				DB901B48287DBF7300EC04D7 /* Notes.swift */,
				DB80128E28BA593000AC7EAC /* NoteList.swift */,
				DB80128A28BA58CF00AC7EAC /* NewNote.swift */,
				DB80128C28BA590900AC7EAC /* Note.swift */,
				DB80128528B9ADB500AC7EAC /* AddBellowsDataSheet.swift */,
				DB80129228BABD1C00AC7EAC /* AddReciprocityDataSheet.swift */,
				DB3C5DE428BADDA3003852FA /* AddFilterDataSheet.swift */,
			);
			path = Notes;
			sourceTree = "<group>";
		};
		DB80128728B9B26B00AC7EAC /* Reciprocity */ = {
			isa = PBXGroup;
			children = (
				DB901B3E287D03E800EC04D7 /* ReciprocityFactor.swift */,
				DB1DBF9E28B7E27600F2FE07 /* ReciprocityHistorySheet.swift */,
			);
			path = Reciprocity;
			sourceTree = "<group>";
		};
		DB80128828B9B27500AC7EAC /* FilterFactor */ = {
			isa = PBXGroup;
			children = (
				DBB4FA5228AD72F700186039 /* FilterFactor.swift */,
				DB80127F28B9076900AC7EAC /* FilterHistorySheet.swift */,
			);
			path = FilterFactor;
			sourceTree = "<group>";
		};
		DB80128928B9B28000AC7EAC /* Dashboard */ = {
			isa = PBXGroup;
			children = (
				DB1DBFA028B7E33C00F2FE07 /* TileSheet.swift */,
				DBB4FA6328B64B0000186039 /* Dashboard.swift */,
			);
			path = Dashboard;
			sourceTree = "<group>";
		};
		DB901B2D287CB5EE00EC04D7 /* Views */ = {
			isa = PBXGroup;
			children = (
				DB80128928B9B28000AC7EAC /* Dashboard */,
				DB80128828B9B27500AC7EAC /* FilterFactor */,
				DB80128728B9B26B00AC7EAC /* Reciprocity */,
				DB80128328B9AC5600AC7EAC /* BellowsExtension */,
				DB80128428B9ADA800AC7EAC /* Notes */,
				DB80123028B840A300AC7EAC /* Settings */,
			);
			path = Views;
			sourceTree = "<group>";
		};
		DB901B4C287DC13500EC04D7 /* Frameworks */ = {
			isa = PBXGroup;
			children = (
				DB901B4D287DC13500EC04D7 /* CloudKit.framework */,
			);
			name = Frameworks;
			sourceTree = "<group>";
		};
		DBB4FA5628AD739A00186039 /* Components */ = {
			isa = PBXGroup;
			children = (
				DB901B36287CB6F800EC04D7 /* FormInput.swift */,
				DB901B3A287CB86100EC04D7 /* PriorityModeToggle.swift */,
				DB901B38287CB75A00EC04D7 /* BellowsExtensionForm.swift */,
				DB1DBF9828B7E18000F2FE07 /* ReciprocityForm.swift */,
				DB1DBF9A28B7E1AC00F2FE07 /* FilterForm.swift */,
				DB901B40287D047600EC04D7 /* CalculateButton.swift */,
				DBD3BF3528B7B92C00E104BF /* CalculatedResultCard.swift */,
				DBB4FA6128B64A2700186039 /* NavigationTile.swift */,
				DB1DBF9628B7E0AA00F2FE07 /* DashboardToolbar.swift */,
				DB80128128B9A98A00AC7EAC /* BellowsDataCard.swift */,
				DB80129028BAB5DD00AC7EAC /* ReciprocityDataCard.swift */,
				DB3C5DE228BADB0E003852FA /* FilterDataCard.swift */,
			);
			path = Components;
			sourceTree = "<group>";
		};
/* End PBXGroup section */

/* Begin PBXNativeTarget section */
		DB560C34287A6CC700CC891A /* Ansel */ = {
			isa = PBXNativeTarget;
			buildConfigurationList = DB560C5E287A6CCA00CC891A /* Build configuration list for PBXNativeTarget "Ansel" */;
			buildPhases = (
				DB560C31287A6CC700CC891A /* Sources */,
				DB560C32287A6CC700CC891A /* Frameworks */,
				DB560C33287A6CC700CC891A /* Resources */,
			);
			buildRules = (
			);
			dependencies = (
			);
			name = Ansel;
			productName = Lumen;
			productReference = DB560C35287A6CC700CC891A /* Ansel.app */;
			productType = "com.apple.product-type.application";
		};
		DB560C49287A6CCA00CC891A /* AnselTests */ = {
			isa = PBXNativeTarget;
			buildConfigurationList = DB560C61287A6CCA00CC891A /* Build configuration list for PBXNativeTarget "AnselTests" */;
			buildPhases = (
				DB560C46287A6CCA00CC891A /* Sources */,
				DB560C47287A6CCA00CC891A /* Frameworks */,
				DB560C48287A6CCA00CC891A /* Resources */,
			);
			buildRules = (
			);
			dependencies = (
				DB560C4C287A6CCA00CC891A /* PBXTargetDependency */,
			);
			name = AnselTests;
			productName = LumenTests;
			productReference = DB560C4A287A6CCA00CC891A /* AnselTests.xctest */;
			productType = "com.apple.product-type.bundle.unit-test";
		};
		DB560C53287A6CCA00CC891A /* AnselUITests */ = {
			isa = PBXNativeTarget;
			buildConfigurationList = DB560C64287A6CCA00CC891A /* Build configuration list for PBXNativeTarget "AnselUITests" */;
			buildPhases = (
				DB560C50287A6CCA00CC891A /* Sources */,
				DB560C51287A6CCA00CC891A /* Frameworks */,
				DB560C52287A6CCA00CC891A /* Resources */,
			);
			buildRules = (
			);
			dependencies = (
				DB560C56287A6CCA00CC891A /* PBXTargetDependency */,
			);
			name = AnselUITests;
			productName = LumenUITests;
			productReference = DB560C54287A6CCA00CC891A /* AnselUITests.xctest */;
			productType = "com.apple.product-type.bundle.ui-testing";
		};
/* End PBXNativeTarget section */

/* Begin PBXProject section */
		DB560C2D287A6CC700CC891A /* Project object */ = {
			isa = PBXProject;
			attributes = {
				BuildIndependentTargetsInParallel = 1;
				LastSwiftUpdateCheck = 1330;
				LastUpgradeCheck = 1330;
				TargetAttributes = {
					DB560C34287A6CC700CC891A = {
						CreatedOnToolsVersion = 13.3;
					};
					DB560C49287A6CCA00CC891A = {
						CreatedOnToolsVersion = 13.3;
						TestTargetID = DB560C34287A6CC700CC891A;
					};
					DB560C53287A6CCA00CC891A = {
						CreatedOnToolsVersion = 13.3;
						TestTargetID = DB560C34287A6CC700CC891A;
					};
				};
			};
			buildConfigurationList = DB560C30287A6CC700CC891A /* Build configuration list for PBXProject "Ansel" */;
			compatibilityVersion = "Xcode 13.0";
			developmentRegion = en;
			hasScannedForEncodings = 0;
			knownRegions = (
				en,
				Base,
			);
			mainGroup = DB560C2C287A6CC700CC891A;
			productRefGroup = DB560C36287A6CC700CC891A /* Products */;
			projectDirPath = "";
			projectRoot = "";
			targets = (
				DB560C34287A6CC700CC891A /* Ansel */,
				DB560C49287A6CCA00CC891A /* AnselTests */,
				DB560C53287A6CCA00CC891A /* AnselUITests */,
			);
		};
/* End PBXProject section */

/* Begin PBXResourcesBuildPhase section */
		DB560C33287A6CC700CC891A /* Resources */ = {
			isa = PBXResourcesBuildPhase;
			buildActionMask = 2147483647;
			files = (
				DB560C40287A6CCA00CC891A /* Preview Assets.xcassets in Resources */,
				DB560C3D287A6CCA00CC891A /* Assets.xcassets in Resources */,
			);
			runOnlyForDeploymentPostprocessing = 0;
		};
		DB560C48287A6CCA00CC891A /* Resources */ = {
			isa = PBXResourcesBuildPhase;
			buildActionMask = 2147483647;
			files = (
			);
			runOnlyForDeploymentPostprocessing = 0;
		};
		DB560C52287A6CCA00CC891A /* Resources */ = {
			isa = PBXResourcesBuildPhase;
			buildActionMask = 2147483647;
			files = (
			);
			runOnlyForDeploymentPostprocessing = 0;
		};
/* End PBXResourcesBuildPhase section */

/* Begin PBXSourcesBuildPhase section */
		DB560C31287A6CC700CC891A /* Sources */ = {
			isa = PBXSourcesBuildPhase;
			buildActionMask = 2147483647;
			files = (
				DBD3BF3628B7B92C00E104BF /* CalculatedResultCard.swift in Sources */,
				DBB4FA6228B64A2700186039 /* NavigationTile.swift in Sources */,
				DB1DBF9728B7E0AA00F2FE07 /* DashboardToolbar.swift in Sources */,
				DB901B30287CB60E00EC04D7 /* Extensions.swift in Sources */,
				DB80128F28BA593000AC7EAC /* NoteList.swift in Sources */,
				DB901B3F287D03E800EC04D7 /* ReciprocityFactor.swift in Sources */,
				DB5A4A3428BBDAE7006B093B /* Privacy.swift in Sources */,
				DB1DBF9B28B7E1AC00F2FE07 /* FilterForm.swift in Sources */,
				DB560C42287A6CCA00CC891A /* Persistence.swift in Sources */,
				DB901B3B287CB86100EC04D7 /* PriorityModeToggle.swift in Sources */,
				DB3C5DE328BADB0E003852FA /* FilterDataCard.swift in Sources */,
				DB80128628B9ADB500AC7EAC /* AddBellowsDataSheet.swift in Sources */,
				DB80129328BABD1C00AC7EAC /* AddReciprocityDataSheet.swift in Sources */,
				DB1DBFA128B7E33C00F2FE07 /* TileSheet.swift in Sources */,
				DB80128228B9A98A00AC7EAC /* BellowsDataCard.swift in Sources */,
				DB1DBF9928B7E18000F2FE07 /* ReciprocityForm.swift in Sources */,
				DB5A4A3628BBE041006B093B /* About.swift in Sources */,
				DB560C3B287A6CC700CC891A /* ContentView.swift in Sources */,
				DB560C39287A6CC700CC891A /* AnselApp.swift in Sources */,
				DB1DBF9D28B7E24E00F2FE07 /* BellowsExtensionHistorySheet.swift in Sources */,
				DB901B41287D047600EC04D7 /* CalculateButton.swift in Sources */,
				DBB4FA6428B64B0000186039 /* Dashboard.swift in Sources */,
				DB901B34287CB68600EC04D7 /* DataModels.swift in Sources */,
				DBB4FA5128AD4A8500186039 /* Utils.swift in Sources */,
				DB901B32287CB62700EC04D7 /* Modifiers.swift in Sources */,
				DB80129128BAB5DD00AC7EAC /* ReciprocityDataCard.swift in Sources */,
				DB5A4A3828BBE469006B093B /* Feedback.swift in Sources */,
				DB901B37287CB6F800EC04D7 /* FormInput.swift in Sources */,
				DB80128D28BA590900AC7EAC /* Note.swift in Sources */,
				DB80128B28BA58CF00AC7EAC /* NewNote.swift in Sources */,
				DB901B3D287CB99500EC04D7 /* BellowsExtensionFactor.swift in Sources */,
				DBB4FA5928AF211800186039 /* Constants.swift in Sources */,
				DB3C5DE528BADDA3003852FA /* AddFilterDataSheet.swift in Sources */,
				DB80123228B840AB00AC7EAC /* AppIcon.swift in Sources */,
				DB80127E28B8532D00AC7EAC /* Theme.swift in Sources */,
				DB560C45287A6CCA00CC891A /* Lumen.xcdatamodeld in Sources */,
				DB901B39287CB75A00EC04D7 /* BellowsExtensionForm.swift in Sources */,
				DBB4FA5328AD72F700186039 /* FilterFactor.swift in Sources */,
				DB80128028B9076900AC7EAC /* FilterHistorySheet.swift in Sources */,
				DB901B49287DBF7300EC04D7 /* Notes.swift in Sources */,
				DB1DBF9F28B7E27600F2FE07 /* ReciprocityHistorySheet.swift in Sources */,
				DBB4FA6028B561AA00186039 /* Settings.swift in Sources */,
			);
			runOnlyForDeploymentPostprocessing = 0;
		};
		DB560C46287A6CCA00CC891A /* Sources */ = {
			isa = PBXSourcesBuildPhase;
			buildActionMask = 2147483647;
			files = (
				DB560C4F287A6CCA00CC891A /* LumenTests.swift in Sources */,
			);
			runOnlyForDeploymentPostprocessing = 0;
		};
		DB560C50287A6CCA00CC891A /* Sources */ = {
			isa = PBXSourcesBuildPhase;
			buildActionMask = 2147483647;
			files = (
				DB560C5B287A6CCA00CC891A /* LumenUITestsLaunchTests.swift in Sources */,
				DB560C59287A6CCA00CC891A /* LumenUITests.swift in Sources */,
			);
			runOnlyForDeploymentPostprocessing = 0;
		};
/* End PBXSourcesBuildPhase section */

/* Begin PBXTargetDependency section */
		DB560C4C287A6CCA00CC891A /* PBXTargetDependency */ = {
			isa = PBXTargetDependency;
			target = DB560C34287A6CC700CC891A /* Ansel */;
			targetProxy = DB560C4B287A6CCA00CC891A /* PBXContainerItemProxy */;
		};
		DB560C56287A6CCA00CC891A /* PBXTargetDependency */ = {
			isa = PBXTargetDependency;
			target = DB560C34287A6CC700CC891A /* Ansel */;
			targetProxy = DB560C55287A6CCA00CC891A /* PBXContainerItemProxy */;
		};
/* End PBXTargetDependency section */

/* Begin XCBuildConfiguration section */
		DB560C5C287A6CCA00CC891A /* Debug */ = {
			isa = XCBuildConfiguration;
			buildSettings = {
				ALWAYS_SEARCH_USER_PATHS = NO;
				ASSETCATALOG_COMPILER_ALTERNATE_APPICON_NAMES = "WhitePink WhiteRed WhiteCyan Sunrise Sunset Daylight Beta Pink Red Cyan";
				ASSETCATALOG_COMPILER_APPICON_NAME = AppIcon;
				ASSETCATALOG_COMPILER_INCLUDE_ALL_APPICON_ASSETS = YES;
				ASSETCATALOG_COMPILER_STANDALONE_ICON_BEHAVIOR = default;
				CLANG_ANALYZER_NONNULL = YES;
				CLANG_ANALYZER_NUMBER_OBJECT_CONVERSION = YES_AGGRESSIVE;
				CLANG_CXX_LANGUAGE_STANDARD = "gnu++17";
				CLANG_ENABLE_MODULES = YES;
				CLANG_ENABLE_OBJC_ARC = YES;
				CLANG_ENABLE_OBJC_WEAK = YES;
				CLANG_WARN_BLOCK_CAPTURE_AUTORELEASING = YES;
				CLANG_WARN_BOOL_CONVERSION = YES;
				CLANG_WARN_COMMA = YES;
				CLANG_WARN_CONSTANT_CONVERSION = YES;
				CLANG_WARN_DEPRECATED_OBJC_IMPLEMENTATIONS = YES;
				CLANG_WARN_DIRECT_OBJC_ISA_USAGE = YES_ERROR;
				CLANG_WARN_DOCUMENTATION_COMMENTS = YES;
				CLANG_WARN_EMPTY_BODY = YES;
				CLANG_WARN_ENUM_CONVERSION = YES;
				CLANG_WARN_INFINITE_RECURSION = YES;
				CLANG_WARN_INT_CONVERSION = YES;
				CLANG_WARN_NON_LITERAL_NULL_CONVERSION = YES;
				CLANG_WARN_OBJC_IMPLICIT_RETAIN_SELF = YES;
				CLANG_WARN_OBJC_LITERAL_CONVERSION = YES;
				CLANG_WARN_OBJC_ROOT_CLASS = YES_ERROR;
				CLANG_WARN_QUOTED_INCLUDE_IN_FRAMEWORK_HEADER = YES;
				CLANG_WARN_RANGE_LOOP_ANALYSIS = YES;
				CLANG_WARN_STRICT_PROTOTYPES = YES;
				CLANG_WARN_SUSPICIOUS_MOVE = YES;
				CLANG_WARN_UNGUARDED_AVAILABILITY = YES_AGGRESSIVE;
				CLANG_WARN_UNREACHABLE_CODE = YES;
				CLANG_WARN__DUPLICATE_METHOD_MATCH = YES;
				COPY_PHASE_STRIP = NO;
				DEBUG_INFORMATION_FORMAT = dwarf;
				ENABLE_STRICT_OBJC_MSGSEND = YES;
				ENABLE_TESTABILITY = YES;
				GCC_C_LANGUAGE_STANDARD = gnu11;
				GCC_DYNAMIC_NO_PIC = NO;
				GCC_NO_COMMON_BLOCKS = YES;
				GCC_OPTIMIZATION_LEVEL = 0;
				GCC_PREPROCESSOR_DEFINITIONS = (
					"DEBUG=1",
					"$(inherited)",
				);
				GCC_WARN_64_TO_32_BIT_CONVERSION = YES;
				GCC_WARN_ABOUT_RETURN_TYPE = YES_ERROR;
				GCC_WARN_UNDECLARED_SELECTOR = YES;
				GCC_WARN_UNINITIALIZED_AUTOS = YES_AGGRESSIVE;
				GCC_WARN_UNUSED_FUNCTION = YES;
				GCC_WARN_UNUSED_VARIABLE = YES;
				IPHONEOS_DEPLOYMENT_TARGET = 16.0;
				MTL_ENABLE_DEBUG_INFO = INCLUDE_SOURCE;
				MTL_FAST_MATH = YES;
				ONLY_ACTIVE_ARCH = YES;
				SDKROOT = iphoneos;
				SWIFT_ACTIVE_COMPILATION_CONDITIONS = DEBUG;
				SWIFT_OPTIMIZATION_LEVEL = "-Onone";
			};
			name = Debug;
		};
		DB560C5D287A6CCA00CC891A /* Release */ = {
			isa = XCBuildConfiguration;
			buildSettings = {
				ALWAYS_SEARCH_USER_PATHS = NO;
				ASSETCATALOG_COMPILER_ALTERNATE_APPICON_NAMES = "WhitePink WhiteRed WhiteCyan Sunrise Sunset Daylight Beta Pink Red Cyan";
				ASSETCATALOG_COMPILER_APPICON_NAME = AppIcon;
				ASSETCATALOG_COMPILER_INCLUDE_ALL_APPICON_ASSETS = YES;
				ASSETCATALOG_COMPILER_STANDALONE_ICON_BEHAVIOR = default;
				CLANG_ANALYZER_NONNULL = YES;
				CLANG_ANALYZER_NUMBER_OBJECT_CONVERSION = YES_AGGRESSIVE;
				CLANG_CXX_LANGUAGE_STANDARD = "gnu++17";
				CLANG_ENABLE_MODULES = YES;
				CLANG_ENABLE_OBJC_ARC = YES;
				CLANG_ENABLE_OBJC_WEAK = YES;
				CLANG_WARN_BLOCK_CAPTURE_AUTORELEASING = YES;
				CLANG_WARN_BOOL_CONVERSION = YES;
				CLANG_WARN_COMMA = YES;
				CLANG_WARN_CONSTANT_CONVERSION = YES;
				CLANG_WARN_DEPRECATED_OBJC_IMPLEMENTATIONS = YES;
				CLANG_WARN_DIRECT_OBJC_ISA_USAGE = YES_ERROR;
				CLANG_WARN_DOCUMENTATION_COMMENTS = YES;
				CLANG_WARN_EMPTY_BODY = YES;
				CLANG_WARN_ENUM_CONVERSION = YES;
				CLANG_WARN_INFINITE_RECURSION = YES;
				CLANG_WARN_INT_CONVERSION = YES;
				CLANG_WARN_NON_LITERAL_NULL_CONVERSION = YES;
				CLANG_WARN_OBJC_IMPLICIT_RETAIN_SELF = YES;
				CLANG_WARN_OBJC_LITERAL_CONVERSION = YES;
				CLANG_WARN_OBJC_ROOT_CLASS = YES_ERROR;
				CLANG_WARN_QUOTED_INCLUDE_IN_FRAMEWORK_HEADER = YES;
				CLANG_WARN_RANGE_LOOP_ANALYSIS = YES;
				CLANG_WARN_STRICT_PROTOTYPES = YES;
				CLANG_WARN_SUSPICIOUS_MOVE = YES;
				CLANG_WARN_UNGUARDED_AVAILABILITY = YES_AGGRESSIVE;
				CLANG_WARN_UNREACHABLE_CODE = YES;
				CLANG_WARN__DUPLICATE_METHOD_MATCH = YES;
				COPY_PHASE_STRIP = NO;
				DEBUG_INFORMATION_FORMAT = "dwarf-with-dsym";
				ENABLE_NS_ASSERTIONS = NO;
				ENABLE_STRICT_OBJC_MSGSEND = YES;
				GCC_C_LANGUAGE_STANDARD = gnu11;
				GCC_NO_COMMON_BLOCKS = YES;
				GCC_WARN_64_TO_32_BIT_CONVERSION = YES;
				GCC_WARN_ABOUT_RETURN_TYPE = YES_ERROR;
				GCC_WARN_UNDECLARED_SELECTOR = YES;
				GCC_WARN_UNINITIALIZED_AUTOS = YES_AGGRESSIVE;
				GCC_WARN_UNUSED_FUNCTION = YES;
				GCC_WARN_UNUSED_VARIABLE = YES;
				IPHONEOS_DEPLOYMENT_TARGET = 16.0;
				MTL_ENABLE_DEBUG_INFO = NO;
				MTL_FAST_MATH = YES;
				SDKROOT = iphoneos;
				SWIFT_COMPILATION_MODE = wholemodule;
				SWIFT_OPTIMIZATION_LEVEL = "-O";
				VALIDATE_PRODUCT = YES;
			};
			name = Release;
		};
		DB560C5F287A6CCA00CC891A /* Debug */ = {
			isa = XCBuildConfiguration;
			buildSettings = {
				ASSETCATALOG_COMPILER_APPICON_NAME = AppIcon;
				ASSETCATALOG_COMPILER_GLOBAL_ACCENT_COLOR_NAME = AccentColor;
				ASSETCATALOG_COMPILER_INCLUDE_ALL_APPICON_ASSETS = YES;
				CODE_SIGN_IDENTITY = "Apple Development";
				CODE_SIGN_STYLE = Automatic;
				CURRENT_PROJECT_VERSION = 1;
				DEVELOPMENT_ASSET_PATHS = "";
				DEVELOPMENT_TEAM = 78FCYG6ZD9;
				ENABLE_PREVIEWS = YES;
				GENERATE_INFOPLIST_FILE = YES;
				INFOPLIST_KEY_UIApplicationSceneManifest_Generation = YES;
				INFOPLIST_KEY_UIApplicationSupportsIndirectInputEvents = YES;
				INFOPLIST_KEY_UILaunchScreen_Generation = YES;
				INFOPLIST_KEY_UISupportedInterfaceOrientations = UIInterfaceOrientationPortrait;
				INFOPLIST_KEY_UISupportedInterfaceOrientations_iPad = "UIInterfaceOrientationPortrait UIInterfaceOrientationPortraitUpsideDown UIInterfaceOrientationLandscapeLeft UIInterfaceOrientationLandscapeRight";
				INFOPLIST_KEY_UISupportedInterfaceOrientations_iPhone = "UIInterfaceOrientationPortrait UIInterfaceOrientationLandscapeLeft UIInterfaceOrientationLandscapeRight";
				IPHONEOS_DEPLOYMENT_TARGET = 16.0;
				LD_RUNPATH_SEARCH_PATHS = (
					"$(inherited)",
					"@executable_path/Frameworks",
				);
				MARKETING_VERSION = 2022.0.1;
				PRODUCT_BUNDLE_IDENTIFIER = "Haptic-Software.Ansel";
				PRODUCT_NAME = "$(TARGET_NAME)";
				PROVISIONING_PROFILE_SPECIFIER = "";
				SWIFT_EMIT_LOC_STRINGS = YES;
				SWIFT_VERSION = 5.0;
				TARGETED_DEVICE_FAMILY = 1;
			};
			name = Debug;
		};
		DB560C60287A6CCA00CC891A /* Release */ = {
			isa = XCBuildConfiguration;
			buildSettings = {
				ASSETCATALOG_COMPILER_APPICON_NAME = AppIcon;
				ASSETCATALOG_COMPILER_GLOBAL_ACCENT_COLOR_NAME = AccentColor;
				ASSETCATALOG_COMPILER_INCLUDE_ALL_APPICON_ASSETS = YES;
				CODE_SIGN_IDENTITY = "Apple Development";
				CODE_SIGN_STYLE = Automatic;
				CURRENT_PROJECT_VERSION = 1;
				DEVELOPMENT_ASSET_PATHS = "";
				DEVELOPMENT_TEAM = 78FCYG6ZD9;
				ENABLE_PREVIEWS = YES;
				GENERATE_INFOPLIST_FILE = YES;
				INFOPLIST_KEY_UIApplicationSceneManifest_Generation = YES;
				INFOPLIST_KEY_UIApplicationSupportsIndirectInputEvents = YES;
				INFOPLIST_KEY_UILaunchScreen_Generation = YES;
				INFOPLIST_KEY_UISupportedInterfaceOrientations = UIInterfaceOrientationPortrait;
				INFOPLIST_KEY_UISupportedInterfaceOrientations_iPad = "UIInterfaceOrientationPortrait UIInterfaceOrientationPortraitUpsideDown UIInterfaceOrientationLandscapeLeft UIInterfaceOrientationLandscapeRight";
				INFOPLIST_KEY_UISupportedInterfaceOrientations_iPhone = "UIInterfaceOrientationPortrait UIInterfaceOrientationLandscapeLeft UIInterfaceOrientationLandscapeRight";
				IPHONEOS_DEPLOYMENT_TARGET = 16.0;
				LD_RUNPATH_SEARCH_PATHS = (
					"$(inherited)",
					"@executable_path/Frameworks",
				);
				MARKETING_VERSION = 2022.0.1;
				PRODUCT_BUNDLE_IDENTIFIER = "Haptic-Software.Ansel";
				PRODUCT_NAME = "$(TARGET_NAME)";
				PROVISIONING_PROFILE_SPECIFIER = "";
				SWIFT_EMIT_LOC_STRINGS = YES;
				SWIFT_VERSION = 5.0;
				TARGETED_DEVICE_FAMILY = 1;
			};
			name = Release;
		};
		DB560C62287A6CCA00CC891A /* Debug */ = {
			isa = XCBuildConfiguration;
			buildSettings = {
				ALWAYS_EMBED_SWIFT_STANDARD_LIBRARIES = YES;
				BUNDLE_LOADER = "$(TEST_HOST)";
				CODE_SIGN_STYLE = Automatic;
				CURRENT_PROJECT_VERSION = 1;
				DEVELOPMENT_TEAM = 78FCYG6ZD9;
				GENERATE_INFOPLIST_FILE = YES;
				IPHONEOS_DEPLOYMENT_TARGET = 15.4;
				MARKETING_VERSION = 1.0;
				PRODUCT_BUNDLE_IDENTIFIER = "Tyler-Reckart.LumenTests";
				PRODUCT_NAME = "$(TARGET_NAME)";
				SWIFT_EMIT_LOC_STRINGS = NO;
				SWIFT_VERSION = 5.0;
				TARGETED_DEVICE_FAMILY = "1,2";
				TEST_HOST = "$(BUILT_PRODUCTS_DIR)/Ansel.app/Ansel";
			};
			name = Debug;
		};
		DB560C63287A6CCA00CC891A /* Release */ = {
			isa = XCBuildConfiguration;
			buildSettings = {
				ALWAYS_EMBED_SWIFT_STANDARD_LIBRARIES = YES;
				BUNDLE_LOADER = "$(TEST_HOST)";
				CODE_SIGN_STYLE = Automatic;
				CURRENT_PROJECT_VERSION = 1;
				DEVELOPMENT_TEAM = 78FCYG6ZD9;
				GENERATE_INFOPLIST_FILE = YES;
				IPHONEOS_DEPLOYMENT_TARGET = 15.4;
				MARKETING_VERSION = 1.0;
				PRODUCT_BUNDLE_IDENTIFIER = "Tyler-Reckart.LumenTests";
				PRODUCT_NAME = "$(TARGET_NAME)";
				SWIFT_EMIT_LOC_STRINGS = NO;
				SWIFT_VERSION = 5.0;
				TARGETED_DEVICE_FAMILY = "1,2";
				TEST_HOST = "$(BUILT_PRODUCTS_DIR)/Ansel.app/Ansel";
			};
			name = Release;
		};
		DB560C65287A6CCA00CC891A /* Debug */ = {
			isa = XCBuildConfiguration;
			buildSettings = {
				ALWAYS_EMBED_SWIFT_STANDARD_LIBRARIES = YES;
				CODE_SIGN_STYLE = Automatic;
				CURRENT_PROJECT_VERSION = 1;
				DEVELOPMENT_TEAM = 78FCYG6ZD9;
				GENERATE_INFOPLIST_FILE = YES;
				MARKETING_VERSION = 1.0;
				PRODUCT_BUNDLE_IDENTIFIER = "Tyler-Reckart.LumenUITests";
				PRODUCT_NAME = "$(TARGET_NAME)";
				SWIFT_EMIT_LOC_STRINGS = NO;
				SWIFT_VERSION = 5.0;
				TARGETED_DEVICE_FAMILY = "1,2";
				TEST_TARGET_NAME = Lumen;
			};
			name = Debug;
		};
		DB560C66287A6CCA00CC891A /* Release */ = {
			isa = XCBuildConfiguration;
			buildSettings = {
				ALWAYS_EMBED_SWIFT_STANDARD_LIBRARIES = YES;
				CODE_SIGN_STYLE = Automatic;
				CURRENT_PROJECT_VERSION = 1;
				DEVELOPMENT_TEAM = 78FCYG6ZD9;
				GENERATE_INFOPLIST_FILE = YES;
				MARKETING_VERSION = 1.0;
				PRODUCT_BUNDLE_IDENTIFIER = "Tyler-Reckart.LumenUITests";
				PRODUCT_NAME = "$(TARGET_NAME)";
				SWIFT_EMIT_LOC_STRINGS = NO;
				SWIFT_VERSION = 5.0;
				TARGETED_DEVICE_FAMILY = "1,2";
				TEST_TARGET_NAME = Lumen;
			};
			name = Release;
		};
/* End XCBuildConfiguration section */

/* Begin XCConfigurationList section */
		DB560C30287A6CC700CC891A /* Build configuration list for PBXProject "Ansel" */ = {
			isa = XCConfigurationList;
			buildConfigurations = (
				DB560C5C287A6CCA00CC891A /* Debug */,
				DB560C5D287A6CCA00CC891A /* Release */,
			);
			defaultConfigurationIsVisible = 0;
			defaultConfigurationName = Release;
		};
		DB560C5E287A6CCA00CC891A /* Build configuration list for PBXNativeTarget "Ansel" */ = {
			isa = XCConfigurationList;
			buildConfigurations = (
				DB560C5F287A6CCA00CC891A /* Debug */,
				DB560C60287A6CCA00CC891A /* Release */,
			);
			defaultConfigurationIsVisible = 0;
			defaultConfigurationName = Release;
		};
		DB560C61287A6CCA00CC891A /* Build configuration list for PBXNativeTarget "AnselTests" */ = {
			isa = XCConfigurationList;
			buildConfigurations = (
				DB560C62287A6CCA00CC891A /* Debug */,
				DB560C63287A6CCA00CC891A /* Release */,
			);
			defaultConfigurationIsVisible = 0;
			defaultConfigurationName = Release;
		};
		DB560C64287A6CCA00CC891A /* Build configuration list for PBXNativeTarget "AnselUITests" */ = {
			isa = XCConfigurationList;
			buildConfigurations = (
				DB560C65287A6CCA00CC891A /* Debug */,
				DB560C66287A6CCA00CC891A /* Release */,
			);
			defaultConfigurationIsVisible = 0;
			defaultConfigurationName = Release;
		};
/* End XCConfigurationList section */

/* Begin XCVersionGroup section */
		DB560C43287A6CCA00CC891A /* Lumen.xcdatamodeld */ = {
			isa = XCVersionGroup;
			children = (
				DB560C44287A6CCA00CC891A /* Lumen.xcdatamodel */,
			);
			currentVersion = DB560C44287A6CCA00CC891A /* Lumen.xcdatamodel */;
			path = Lumen.xcdatamodeld;
			sourceTree = "<group>";
			versionGroupType = wrapper.xcdatamodel;
		};
/* End XCVersionGroup section */
	};
	rootObject = DB560C2D287A6CC700CC891A /* Project object */;
}
