// !$*UTF8*$!
{
	archiveVersion = 1;
	classes = {
	};
	objectVersion = 56;
	objects = {

/* Begin PBXBuildFile section */
		DB1DBF9928B7E18000F2FE07 /* ReciprocityForm.swift in Sources */ = {isa = PBXBuildFile; fileRef = DB1DBF9828B7E18000F2FE07 /* ReciprocityForm.swift */; };
		DB1DBF9B28B7E1AC00F2FE07 /* FilterForm.swift in Sources */ = {isa = PBXBuildFile; fileRef = DB1DBF9A28B7E1AC00F2FE07 /* FilterForm.swift */; };
		DB1DBF9D28B7E24E00F2FE07 /* BellowsExtensionHistorySheet.swift in Sources */ = {isa = PBXBuildFile; fileRef = DB1DBF9C28B7E24E00F2FE07 /* BellowsExtensionHistorySheet.swift */; };
		DB1DBF9F28B7E27600F2FE07 /* ReciprocityHistorySheet.swift in Sources */ = {isa = PBXBuildFile; fileRef = DB1DBF9E28B7E27600F2FE07 /* ReciprocityHistorySheet.swift */; };
		DB1E63E128C37DC300FFDC67 /* Validation.swift in Sources */ = {isa = PBXBuildFile; fileRef = DB1E63E028C37DC300FFDC67 /* Validation.swift */; };
		DB1E63E728C3814300FFDC67 /* Math.swift in Sources */ = {isa = PBXBuildFile; fileRef = DB1E63E628C3814300FFDC67 /* Math.swift */; };
		DB30EFC829CC8CFE00659984 /* LocationManager.swift in Sources */ = {isa = PBXBuildFile; fileRef = DB30EFC729CC8CFE00659984 /* LocationManager.swift */; };
		DB3C5DE328BADB0E003852FA /* FilterDataCard.swift in Sources */ = {isa = PBXBuildFile; fileRef = DB3C5DE228BADB0E003852FA /* FilterDataCard.swift */; };
		DB560C39287A6CC700CC891A /* FactorApp.swift in Sources */ = {isa = PBXBuildFile; fileRef = DB560C38287A6CC700CC891A /* FactorApp.swift */; };
		DB560C3B287A6CC700CC891A /* ContentView.swift in Sources */ = {isa = PBXBuildFile; fileRef = DB560C3A287A6CC700CC891A /* ContentView.swift */; };
		DB560C3D287A6CCA00CC891A /* Assets.xcassets in Resources */ = {isa = PBXBuildFile; fileRef = DB560C3C287A6CCA00CC891A /* Assets.xcassets */; };
		DB560C42287A6CCA00CC891A /* Persistence.swift in Sources */ = {isa = PBXBuildFile; fileRef = DB560C41287A6CCA00CC891A /* Persistence.swift */; };
		DB560C45287A6CCA00CC891A /* Lumen.xcdatamodeld in Sources */ = {isa = PBXBuildFile; fileRef = DB560C43287A6CCA00CC891A /* Lumen.xcdatamodeld */; };
		DB5A4A3428BBDAE7006B093B /* Privacy.swift in Sources */ = {isa = PBXBuildFile; fileRef = DB5A4A3328BBDAE7006B093B /* Privacy.swift */; };
		DB5A4A3628BBE041006B093B /* About.swift in Sources */ = {isa = PBXBuildFile; fileRef = DB5A4A3528BBE041006B093B /* About.swift */; };
		DB5A4A3828BBE469006B093B /* Feedback.swift in Sources */ = {isa = PBXBuildFile; fileRef = DB5A4A3728BBE469006B093B /* Feedback.swift */; };
		DB5CB97928BE600A00DB1AED /* FilmOptions.swift in Sources */ = {isa = PBXBuildFile; fileRef = DB5CB97828BE600A00DB1AED /* FilmOptions.swift */; };
		DB5CB97C28BE618800DB1AED /* FilmStock.swift in Sources */ = {isa = PBXBuildFile; fileRef = DB5CB97B28BE618800DB1AED /* FilmStock.swift */; };
		DB72829328D0B64800305E4B /* ReciprocityDropdownOption.swift in Sources */ = {isa = PBXBuildFile; fileRef = DB72829228D0B64800305E4B /* ReciprocityDropdownOption.swift */; };
		DB72829528D0B65700305E4B /* FilterDropdownOption.swift in Sources */ = {isa = PBXBuildFile; fileRef = DB72829428D0B65700305E4B /* FilterDropdownOption.swift */; };
		DB72829728D0B66800305E4B /* DashboardTile.swift in Sources */ = {isa = PBXBuildFile; fileRef = DB72829628D0B66800305E4B /* DashboardTile.swift */; };
		DB80127E28B8532D00AC7EAC /* Theme.swift in Sources */ = {isa = PBXBuildFile; fileRef = DB80127D28B8532D00AC7EAC /* Theme.swift */; };
		DB80128028B9076900AC7EAC /* FilterHistorySheet.swift in Sources */ = {isa = PBXBuildFile; fileRef = DB80127F28B9076900AC7EAC /* FilterHistorySheet.swift */; };
		DB80128228B9A98A00AC7EAC /* BellowsDataCard.swift in Sources */ = {isa = PBXBuildFile; fileRef = DB80128128B9A98A00AC7EAC /* BellowsDataCard.swift */; };
		DB80129128BAB5DD00AC7EAC /* ReciprocityDataCard.swift in Sources */ = {isa = PBXBuildFile; fileRef = DB80129028BAB5DD00AC7EAC /* ReciprocityDataCard.swift */; };
		DB901B30287CB60E00EC04D7 /* Extensions.swift in Sources */ = {isa = PBXBuildFile; fileRef = DB901B2F287CB60E00EC04D7 /* Extensions.swift */; };
		DB901B32287CB62700EC04D7 /* Modifiers.swift in Sources */ = {isa = PBXBuildFile; fileRef = DB901B31287CB62700EC04D7 /* Modifiers.swift */; };
		DB901B37287CB6F800EC04D7 /* FormInput.swift in Sources */ = {isa = PBXBuildFile; fileRef = DB901B36287CB6F800EC04D7 /* FormInput.swift */; };
		DB901B39287CB75A00EC04D7 /* BellowsExtensionForm.swift in Sources */ = {isa = PBXBuildFile; fileRef = DB901B38287CB75A00EC04D7 /* BellowsExtensionForm.swift */; };
		DB901B3B287CB86100EC04D7 /* PriorityModeToggle.swift in Sources */ = {isa = PBXBuildFile; fileRef = DB901B3A287CB86100EC04D7 /* PriorityModeToggle.swift */; };
		DB901B3D287CB99500EC04D7 /* BellowsExtensionFactor.swift in Sources */ = {isa = PBXBuildFile; fileRef = DB901B3C287CB99500EC04D7 /* BellowsExtensionFactor.swift */; };
		DB901B3F287D03E800EC04D7 /* ReciprocityFactor.swift in Sources */ = {isa = PBXBuildFile; fileRef = DB901B3E287D03E800EC04D7 /* ReciprocityFactor.swift */; };
		DB901B41287D047600EC04D7 /* CalculateButton.swift in Sources */ = {isa = PBXBuildFile; fileRef = DB901B40287D047600EC04D7 /* CalculateButton.swift */; };
		DBB4FA5328AD72F700186039 /* FilterFactor.swift in Sources */ = {isa = PBXBuildFile; fileRef = DBB4FA5228AD72F700186039 /* FilterFactor.swift */; };
		DBB4FA5928AF211800186039 /* Constants.swift in Sources */ = {isa = PBXBuildFile; fileRef = DBB4FA5828AF211800186039 /* Constants.swift */; };
		DBB4FA6028B561AA00186039 /* Settings.swift in Sources */ = {isa = PBXBuildFile; fileRef = DBB4FA5F28B561AA00186039 /* Settings.swift */; };
		DBB4FA6228B64A2700186039 /* NavigationTile.swift in Sources */ = {isa = PBXBuildFile; fileRef = DBB4FA6128B64A2700186039 /* NavigationTile.swift */; };
		DBB4FA6428B64B0000186039 /* Dashboard.swift in Sources */ = {isa = PBXBuildFile; fileRef = DBB4FA6328B64B0000186039 /* Dashboard.swift */; };
		DBD3BF3628B7B92C00E104BF /* CalculatedResultCard.swift in Sources */ = {isa = PBXBuildFile; fileRef = DBD3BF3528B7B92C00E104BF /* CalculatedResultCard.swift */; };
		DBE4D41A28CE2F2700189789 /* Terms.swift in Sources */ = {isa = PBXBuildFile; fileRef = DBE4D41928CE2F2700189789 /* Terms.swift */; };
/* End PBXBuildFile section */

/* Begin PBXFileReference section */
		DB1267C628BE364900D08D9F /* WidgetKit.framework */ = {isa = PBXFileReference; lastKnownFileType = wrapper.framework; name = WidgetKit.framework; path = System/Library/Frameworks/WidgetKit.framework; sourceTree = SDKROOT; };
		DB1267C828BE364900D08D9F /* SwiftUI.framework */ = {isa = PBXFileReference; lastKnownFileType = wrapper.framework; name = SwiftUI.framework; path = System/Library/Frameworks/SwiftUI.framework; sourceTree = SDKROOT; };
		DB1DBF9828B7E18000F2FE07 /* ReciprocityForm.swift */ = {isa = PBXFileReference; lastKnownFileType = sourcecode.swift; path = ReciprocityForm.swift; sourceTree = "<group>"; };
		DB1DBF9A28B7E1AC00F2FE07 /* FilterForm.swift */ = {isa = PBXFileReference; lastKnownFileType = sourcecode.swift; path = FilterForm.swift; sourceTree = "<group>"; };
		DB1DBF9C28B7E24E00F2FE07 /* BellowsExtensionHistorySheet.swift */ = {isa = PBXFileReference; lastKnownFileType = sourcecode.swift; path = BellowsExtensionHistorySheet.swift; sourceTree = "<group>"; };
		DB1DBF9E28B7E27600F2FE07 /* ReciprocityHistorySheet.swift */ = {isa = PBXFileReference; lastKnownFileType = sourcecode.swift; path = ReciprocityHistorySheet.swift; sourceTree = "<group>"; };
		DB1E63E028C37DC300FFDC67 /* Validation.swift */ = {isa = PBXFileReference; lastKnownFileType = sourcecode.swift; path = Validation.swift; sourceTree = "<group>"; };
		DB1E63E628C3814300FFDC67 /* Math.swift */ = {isa = PBXFileReference; lastKnownFileType = sourcecode.swift; path = Math.swift; sourceTree = "<group>"; };
		DB30EFC729CC8CFE00659984 /* LocationManager.swift */ = {isa = PBXFileReference; lastKnownFileType = sourcecode.swift; path = LocationManager.swift; sourceTree = "<group>"; };
		DB3C5DE228BADB0E003852FA /* FilterDataCard.swift */ = {isa = PBXFileReference; lastKnownFileType = sourcecode.swift; path = FilterDataCard.swift; sourceTree = "<group>"; };
		DB560C35287A6CC700CC891A /* Factor.app */ = {isa = PBXFileReference; explicitFileType = wrapper.application; includeInIndex = 0; path = Factor.app; sourceTree = BUILT_PRODUCTS_DIR; };
		DB560C38287A6CC700CC891A /* FactorApp.swift */ = {isa = PBXFileReference; lastKnownFileType = sourcecode.swift; path = FactorApp.swift; sourceTree = "<group>"; };
		DB560C3A287A6CC700CC891A /* ContentView.swift */ = {isa = PBXFileReference; lastKnownFileType = sourcecode.swift; path = ContentView.swift; sourceTree = "<group>"; };
		DB560C3C287A6CCA00CC891A /* Assets.xcassets */ = {isa = PBXFileReference; lastKnownFileType = folder.assetcatalog; path = Assets.xcassets; sourceTree = "<group>"; };
		DB560C41287A6CCA00CC891A /* Persistence.swift */ = {isa = PBXFileReference; lastKnownFileType = sourcecode.swift; path = Persistence.swift; sourceTree = "<group>"; };
		DB560C44287A6CCA00CC891A /* Lumen.xcdatamodel */ = {isa = PBXFileReference; lastKnownFileType = wrapper.xcdatamodel; path = Lumen.xcdatamodel; sourceTree = "<group>"; };
		DB5A4A3228BBD987006B093B /* Privacy.md */ = {isa = PBXFileReference; lastKnownFileType = net.daringfireball.markdown; path = Privacy.md; sourceTree = "<group>"; };
		DB5A4A3328BBDAE7006B093B /* Privacy.swift */ = {isa = PBXFileReference; lastKnownFileType = sourcecode.swift; path = Privacy.swift; sourceTree = "<group>"; };
		DB5A4A3528BBE041006B093B /* About.swift */ = {isa = PBXFileReference; lastKnownFileType = sourcecode.swift; path = About.swift; sourceTree = "<group>"; };
		DB5A4A3728BBE469006B093B /* Feedback.swift */ = {isa = PBXFileReference; lastKnownFileType = sourcecode.swift; path = Feedback.swift; sourceTree = "<group>"; };
		DB5A4A3B28BD2133006B093B /* StoreKit.framework */ = {isa = PBXFileReference; lastKnownFileType = wrapper.framework; name = StoreKit.framework; path = System/Library/Frameworks/StoreKit.framework; sourceTree = SDKROOT; };
		DB5A4A4428BD3372006B093B /* Terms.md */ = {isa = PBXFileReference; lastKnownFileType = net.daringfireball.markdown; path = Terms.md; sourceTree = "<group>"; };
		DB5CB97828BE600A00DB1AED /* FilmOptions.swift */ = {isa = PBXFileReference; lastKnownFileType = sourcecode.swift; path = FilmOptions.swift; sourceTree = "<group>"; };
		DB5CB97B28BE618800DB1AED /* FilmStock.swift */ = {isa = PBXFileReference; lastKnownFileType = sourcecode.swift; path = FilmStock.swift; sourceTree = "<group>"; };
		DB723FD328D3EB5800CDB148 /* Info.plist */ = {isa = PBXFileReference; lastKnownFileType = text.plist.xml; path = Info.plist; sourceTree = "<group>"; };
		DB72829228D0B64800305E4B /* ReciprocityDropdownOption.swift */ = {isa = PBXFileReference; lastKnownFileType = sourcecode.swift; path = ReciprocityDropdownOption.swift; sourceTree = "<group>"; };
		DB72829428D0B65700305E4B /* FilterDropdownOption.swift */ = {isa = PBXFileReference; lastKnownFileType = sourcecode.swift; path = FilterDropdownOption.swift; sourceTree = "<group>"; };
		DB72829628D0B66800305E4B /* DashboardTile.swift */ = {isa = PBXFileReference; lastKnownFileType = sourcecode.swift; path = DashboardTile.swift; sourceTree = "<group>"; };
		DB80127D28B8532D00AC7EAC /* Theme.swift */ = {isa = PBXFileReference; lastKnownFileType = sourcecode.swift; path = Theme.swift; sourceTree = "<group>"; };
		DB80127F28B9076900AC7EAC /* FilterHistorySheet.swift */ = {isa = PBXFileReference; lastKnownFileType = sourcecode.swift; path = FilterHistorySheet.swift; sourceTree = "<group>"; };
		DB80128128B9A98A00AC7EAC /* BellowsDataCard.swift */ = {isa = PBXFileReference; lastKnownFileType = sourcecode.swift; path = BellowsDataCard.swift; sourceTree = "<group>"; };
		DB80129028BAB5DD00AC7EAC /* ReciprocityDataCard.swift */ = {isa = PBXFileReference; lastKnownFileType = sourcecode.swift; path = ReciprocityDataCard.swift; sourceTree = "<group>"; };
		DB901B2F287CB60E00EC04D7 /* Extensions.swift */ = {isa = PBXFileReference; lastKnownFileType = sourcecode.swift; path = Extensions.swift; sourceTree = "<group>"; };
		DB901B31287CB62700EC04D7 /* Modifiers.swift */ = {isa = PBXFileReference; lastKnownFileType = sourcecode.swift; path = Modifiers.swift; sourceTree = "<group>"; };
		DB901B36287CB6F800EC04D7 /* FormInput.swift */ = {isa = PBXFileReference; lastKnownFileType = sourcecode.swift; path = FormInput.swift; sourceTree = "<group>"; };
		DB901B38287CB75A00EC04D7 /* BellowsExtensionForm.swift */ = {isa = PBXFileReference; lastKnownFileType = sourcecode.swift; path = BellowsExtensionForm.swift; sourceTree = "<group>"; };
		DB901B3A287CB86100EC04D7 /* PriorityModeToggle.swift */ = {isa = PBXFileReference; lastKnownFileType = sourcecode.swift; path = PriorityModeToggle.swift; sourceTree = "<group>"; };
		DB901B3C287CB99500EC04D7 /* BellowsExtensionFactor.swift */ = {isa = PBXFileReference; lastKnownFileType = sourcecode.swift; path = BellowsExtensionFactor.swift; sourceTree = "<group>"; };
		DB901B3E287D03E800EC04D7 /* ReciprocityFactor.swift */ = {isa = PBXFileReference; lastKnownFileType = sourcecode.swift; path = ReciprocityFactor.swift; sourceTree = "<group>"; };
		DB901B40287D047600EC04D7 /* CalculateButton.swift */ = {isa = PBXFileReference; lastKnownFileType = sourcecode.swift; path = CalculateButton.swift; sourceTree = "<group>"; };
		DB901B4D287DC13500EC04D7 /* CloudKit.framework */ = {isa = PBXFileReference; lastKnownFileType = wrapper.framework; name = CloudKit.framework; path = System/Library/Frameworks/CloudKit.framework; sourceTree = SDKROOT; };
		DBB4FA5228AD72F700186039 /* FilterFactor.swift */ = {isa = PBXFileReference; lastKnownFileType = sourcecode.swift; path = FilterFactor.swift; sourceTree = "<group>"; };
		DBB4FA5728AD748600186039 /* README.md */ = {isa = PBXFileReference; lastKnownFileType = net.daringfireball.markdown; path = README.md; sourceTree = "<group>"; };
		DBB4FA5828AF211800186039 /* Constants.swift */ = {isa = PBXFileReference; lastKnownFileType = sourcecode.swift; path = Constants.swift; sourceTree = "<group>"; };
		DBB4FA5F28B561AA00186039 /* Settings.swift */ = {isa = PBXFileReference; lastKnownFileType = sourcecode.swift; path = Settings.swift; sourceTree = "<group>"; };
		DBB4FA6128B64A2700186039 /* NavigationTile.swift */ = {isa = PBXFileReference; lastKnownFileType = sourcecode.swift; path = NavigationTile.swift; sourceTree = "<group>"; };
		DBB4FA6328B64B0000186039 /* Dashboard.swift */ = {isa = PBXFileReference; lastKnownFileType = sourcecode.swift; path = Dashboard.swift; sourceTree = "<group>"; };
		DBD3BF3528B7B92C00E104BF /* CalculatedResultCard.swift */ = {isa = PBXFileReference; lastKnownFileType = sourcecode.swift; path = CalculatedResultCard.swift; sourceTree = "<group>"; };
		DBE4D41928CE2F2700189789 /* Terms.swift */ = {isa = PBXFileReference; lastKnownFileType = sourcecode.swift; path = Terms.swift; sourceTree = "<group>"; };
/* End PBXFileReference section */

/* Begin PBXFrameworksBuildPhase section */
		DB560C32287A6CC700CC891A /* Frameworks */ = {
			isa = PBXFrameworksBuildPhase;
			buildActionMask = 2147483647;
			files = (
			);
			runOnlyForDeploymentPostprocessing = 0;
		};
/* End PBXFrameworksBuildPhase section */

/* Begin PBXGroup section */
		DB1E63E228C37DF300FFDC67 /* Gear */ = {
			isa = PBXGroup;
			children = (
				DB1E63E528C37E0B00FFDC67 /* Emulsions */,
			);
			path = Gear;
			sourceTree = "<group>";
		};
		DB1E63E528C37E0B00FFDC67 /* Emulsions */ = {
			isa = PBXGroup;
			children = (
				DB5CB97828BE600A00DB1AED /* FilmOptions.swift */,
			);
			path = Emulsions;
			sourceTree = "<group>";
		};
		DB1E63E828C38C1B00FFDC67 /* Customization */ = {
			isa = PBXGroup;
			children = (
				DB80127D28B8532D00AC7EAC /* Theme.swift */,
			);
			path = Customization;
			sourceTree = "<group>";
		};
		DB513DE428BEFA6800235E9D /* Utils */ = {
			isa = PBXGroup;
			children = (
				DB901B2F287CB60E00EC04D7 /* Extensions.swift */,
				DB901B31287CB62700EC04D7 /* Modifiers.swift */,
				DBB4FA5828AF211800186039 /* Constants.swift */,
				DB1E63E028C37DC300FFDC67 /* Validation.swift */,
				DB1E63E628C3814300FFDC67 /* Math.swift */,
			);
			path = Utils;
			sourceTree = "<group>";
		};
		DB560C2C287A6CC700CC891A = {
			isa = PBXGroup;
			children = (
				DB5A4A4428BD3372006B093B /* Terms.md */,
				DB5A4A3228BBD987006B093B /* Privacy.md */,
				DBB4FA5728AD748600186039 /* README.md */,
				DB560C37287A6CC700CC891A /* Factor */,
				DB560C36287A6CC700CC891A /* Products */,
				DB901B4C287DC13500EC04D7 /* Frameworks */,
			);
			sourceTree = "<group>";
		};
		DB560C36287A6CC700CC891A /* Products */ = {
			isa = PBXGroup;
			children = (
				DB560C35287A6CC700CC891A /* Factor.app */,
			);
			name = Products;
			sourceTree = "<group>";
		};
		DB560C37287A6CC700CC891A /* Factor */ = {
			isa = PBXGroup;
			children = (
				DBEB4BBA28CE674D00367D87 /* Classes */,
				DB513DE428BEFA6800235E9D /* Utils */,
				DB5CB97A28BE617A00DB1AED /* Models */,
				DBB4FA5628AD739A00186039 /* Components */,
				DB901B2D287CB5EE00EC04D7 /* Views */,
				DB560C38287A6CC700CC891A /* FactorApp.swift */,
				DB560C41287A6CCA00CC891A /* Persistence.swift */,
				DB560C43287A6CCA00CC891A /* Lumen.xcdatamodeld */,
				DB560C3C287A6CCA00CC891A /* Assets.xcassets */,
				DB723FD328D3EB5800CDB148 /* Info.plist */,
			);
			path = Factor;
			sourceTree = "<group>";
		};
		DB5CB97A28BE617A00DB1AED /* Models */ = {
			isa = PBXGroup;
			children = (
				DB5CB97B28BE618800DB1AED /* FilmStock.swift */,
				DB72829228D0B64800305E4B /* ReciprocityDropdownOption.swift */,
				DB72829428D0B65700305E4B /* FilterDropdownOption.swift */,
				DB72829628D0B66800305E4B /* DashboardTile.swift */,
			);
			path = Models;
			sourceTree = "<group>";
		};
		DB80123028B840A300AC7EAC /* Settings */ = {
			isa = PBXGroup;
			children = (
				DBE4D41728CE2F0F00189789 /* Legal */,
				DB1E63E828C38C1B00FFDC67 /* Customization */,
				DB1E63E228C37DF300FFDC67 /* Gear */,
				DBB4FA5F28B561AA00186039 /* Settings.swift */,
				DB5A4A3528BBE041006B093B /* About.swift */,
				DB5A4A3728BBE469006B093B /* Feedback.swift */,
			);
			path = Settings;
			sourceTree = "<group>";
		};
		DB80128328B9AC5600AC7EAC /* BellowsExtension */ = {
			isa = PBXGroup;
			children = (
				DB901B3C287CB99500EC04D7 /* BellowsExtensionFactor.swift */,
				DB1DBF9C28B7E24E00F2FE07 /* BellowsExtensionHistorySheet.swift */,
			);
			path = BellowsExtension;
			sourceTree = "<group>";
		};
		DB80128728B9B26B00AC7EAC /* Reciprocity */ = {
			isa = PBXGroup;
			children = (
				DB901B3E287D03E800EC04D7 /* ReciprocityFactor.swift */,
				DB1DBF9E28B7E27600F2FE07 /* ReciprocityHistorySheet.swift */,
			);
			path = Reciprocity;
			sourceTree = "<group>";
		};
		DB80128828B9B27500AC7EAC /* FilterFactor */ = {
			isa = PBXGroup;
			children = (
				DBB4FA5228AD72F700186039 /* FilterFactor.swift */,
				DB80127F28B9076900AC7EAC /* FilterHistorySheet.swift */,
			);
			path = FilterFactor;
			sourceTree = "<group>";
		};
		DB80128928B9B28000AC7EAC /* Dashboard */ = {
			isa = PBXGroup;
			children = (
				DBB4FA6328B64B0000186039 /* Dashboard.swift */,
			);
			path = Dashboard;
			sourceTree = "<group>";
		};
		DB901B2D287CB5EE00EC04D7 /* Views */ = {
			isa = PBXGroup;
			children = (
				DB560C3A287A6CC700CC891A /* ContentView.swift */,
				DB80128928B9B28000AC7EAC /* Dashboard */,
				DB80128828B9B27500AC7EAC /* FilterFactor */,
				DB80128728B9B26B00AC7EAC /* Reciprocity */,
				DB80128328B9AC5600AC7EAC /* BellowsExtension */,
				DB80123028B840A300AC7EAC /* Settings */,
			);
			path = Views;
			sourceTree = "<group>";
		};
		DB901B4C287DC13500EC04D7 /* Frameworks */ = {
			isa = PBXGroup;
			children = (
				DB5A4A3B28BD2133006B093B /* StoreKit.framework */,
				DB901B4D287DC13500EC04D7 /* CloudKit.framework */,
				DB1267C628BE364900D08D9F /* WidgetKit.framework */,
				DB1267C828BE364900D08D9F /* SwiftUI.framework */,
			);
			name = Frameworks;
			sourceTree = "<group>";
		};
		DBB4FA5628AD739A00186039 /* Components */ = {
			isa = PBXGroup;
			children = (
				DB901B36287CB6F800EC04D7 /* FormInput.swift */,
				DB901B3A287CB86100EC04D7 /* PriorityModeToggle.swift */,
				DB901B38287CB75A00EC04D7 /* BellowsExtensionForm.swift */,
				DB1DBF9828B7E18000F2FE07 /* ReciprocityForm.swift */,
				DB1DBF9A28B7E1AC00F2FE07 /* FilterForm.swift */,
				DB901B40287D047600EC04D7 /* CalculateButton.swift */,
				DBD3BF3528B7B92C00E104BF /* CalculatedResultCard.swift */,
				DBB4FA6128B64A2700186039 /* NavigationTile.swift */,
				DB80128128B9A98A00AC7EAC /* BellowsDataCard.swift */,
				DB80129028BAB5DD00AC7EAC /* ReciprocityDataCard.swift */,
				DB3C5DE228BADB0E003852FA /* FilterDataCard.swift */,
			);
			path = Components;
			sourceTree = "<group>";
		};
		DBE4D41728CE2F0F00189789 /* Legal */ = {
			isa = PBXGroup;
			children = (
				DB5A4A3328BBDAE7006B093B /* Privacy.swift */,
				DBE4D41928CE2F2700189789 /* Terms.swift */,
			);
			path = Legal;
			sourceTree = "<group>";
		};
		DBEB4BBA28CE674D00367D87 /* Classes */ = {
			isa = PBXGroup;
			children = (
				DB30EFC729CC8CFE00659984 /* LocationManager.swift */,
			);
			path = Classes;
			sourceTree = "<group>";
		};
/* End PBXGroup section */

/* Begin PBXNativeTarget section */
		DB560C34287A6CC700CC891A /* Factor */ = {
			isa = PBXNativeTarget;
			buildConfigurationList = DB560C5E287A6CCA00CC891A /* Build configuration list for PBXNativeTarget "Factor" */;
			buildPhases = (
				DB560C31287A6CC700CC891A /* Sources */,
				DB560C32287A6CC700CC891A /* Frameworks */,
				DB560C33287A6CC700CC891A /* Resources */,
			);
			buildRules = (
			);
			dependencies = (
			);
			name = Factor;
			productName = Lumen;
			productReference = DB560C35287A6CC700CC891A /* Factor.app */;
			productType = "com.apple.product-type.application";
		};
/* End PBXNativeTarget section */

/* Begin PBXProject section */
		DB560C2D287A6CC700CC891A /* Project object */ = {
			isa = PBXProject;
			attributes = {
				BuildIndependentTargetsInParallel = 1;
				LastSwiftUpdateCheck = 1400;
				LastUpgradeCheck = 1330;
				TargetAttributes = {
					DB560C34287A6CC700CC891A = {
						CreatedOnToolsVersion = 13.3;
					};
				};
			};
			buildConfigurationList = DB560C30287A6CC700CC891A /* Build configuration list for PBXProject "Factor" */;
			compatibilityVersion = "Xcode 14.0";
			developmentRegion = en;
			hasScannedForEncodings = 0;
			knownRegions = (
				en,
				Base,
			);
			mainGroup = DB560C2C287A6CC700CC891A;
			productRefGroup = DB560C36287A6CC700CC891A /* Products */;
			projectDirPath = "";
			projectRoot = "";
			targets = (
				DB560C34287A6CC700CC891A /* Factor */,
			);
		};
/* End PBXProject section */

/* Begin PBXResourcesBuildPhase section */
		DB560C33287A6CC700CC891A /* Resources */ = {
			isa = PBXResourcesBuildPhase;
			buildActionMask = 2147483647;
			files = (
				DB560C3D287A6CCA00CC891A /* Assets.xcassets in Resources */,
			);
			runOnlyForDeploymentPostprocessing = 0;
		};
/* End PBXResourcesBuildPhase section */

/* Begin PBXSourcesBuildPhase section */
		DB560C31287A6CC700CC891A /* Sources */ = {
			isa = PBXSourcesBuildPhase;
			buildActionMask = 2147483647;
			files = (
				DBD3BF3628B7B92C00E104BF /* CalculatedResultCard.swift in Sources */,
				DBB4FA6228B64A2700186039 /* NavigationTile.swift in Sources */,
				DB72829728D0B66800305E4B /* DashboardTile.swift in Sources */,
				DB1E63E128C37DC300FFDC67 /* Validation.swift in Sources */,
				DB901B30287CB60E00EC04D7 /* Extensions.swift in Sources */,
				DB901B3F287D03E800EC04D7 /* ReciprocityFactor.swift in Sources */,
				DB5A4A3428BBDAE7006B093B /* Privacy.swift in Sources */,
				DB1DBF9B28B7E1AC00F2FE07 /* FilterForm.swift in Sources */,
				DB560C42287A6CCA00CC891A /* Persistence.swift in Sources */,
				DB901B3B287CB86100EC04D7 /* PriorityModeToggle.swift in Sources */,
				DB3C5DE328BADB0E003852FA /* FilterDataCard.swift in Sources */,
				DB80128228B9A98A00AC7EAC /* BellowsDataCard.swift in Sources */,
				DB1DBF9928B7E18000F2FE07 /* ReciprocityForm.swift in Sources */,
				DB5A4A3628BBE041006B093B /* About.swift in Sources */,
				DB72829328D0B64800305E4B /* ReciprocityDropdownOption.swift in Sources */,
				DB560C3B287A6CC700CC891A /* ContentView.swift in Sources */,
				DB560C39287A6CC700CC891A /* FactorApp.swift in Sources */,
				DB1DBF9D28B7E24E00F2FE07 /* BellowsExtensionHistorySheet.swift in Sources */,
				DBE4D41A28CE2F2700189789 /* Terms.swift in Sources */,
				DB1E63E728C3814300FFDC67 /* Math.swift in Sources */,
				DB901B41287D047600EC04D7 /* CalculateButton.swift in Sources */,
				DBB4FA6428B64B0000186039 /* Dashboard.swift in Sources */,
				DB901B32287CB62700EC04D7 /* Modifiers.swift in Sources */,
				DB30EFC829CC8CFE00659984 /* LocationManager.swift in Sources */,
				DB80129128BAB5DD00AC7EAC /* ReciprocityDataCard.swift in Sources */,
				DB5A4A3828BBE469006B093B /* Feedback.swift in Sources */,
				DB901B37287CB6F800EC04D7 /* FormInput.swift in Sources */,
				DB72829528D0B65700305E4B /* FilterDropdownOption.swift in Sources */,
				DB5CB97928BE600A00DB1AED /* FilmOptions.swift in Sources */,
				DB901B3D287CB99500EC04D7 /* BellowsExtensionFactor.swift in Sources */,
				DBB4FA5928AF211800186039 /* Constants.swift in Sources */,
				DB5CB97C28BE618800DB1AED /* FilmStock.swift in Sources */,
				DB80127E28B8532D00AC7EAC /* Theme.swift in Sources */,
				DB560C45287A6CCA00CC891A /* Lumen.xcdatamodeld in Sources */,
				DB901B39287CB75A00EC04D7 /* BellowsExtensionForm.swift in Sources */,
				DBB4FA5328AD72F700186039 /* FilterFactor.swift in Sources */,
				DB80128028B9076900AC7EAC /* FilterHistorySheet.swift in Sources */,
				DB1DBF9F28B7E27600F2FE07 /* ReciprocityHistorySheet.swift in Sources */,
				DBB4FA6028B561AA00186039 /* Settings.swift in Sources */,
			);
			runOnlyForDeploymentPostprocessing = 0;
		};
/* End PBXSourcesBuildPhase section */

/* Begin XCBuildConfiguration section */
		DB560C5C287A6CCA00CC891A /* Debug */ = {
			isa = XCBuildConfiguration;
			buildSettings = {
				ALWAYS_SEARCH_USER_PATHS = NO;
				ASSETCATALOG_COMPILER_ALTERNATE_APPICON_NAMES = "";
				ASSETCATALOG_COMPILER_APPICON_NAME = AppIcon;
				ASSETCATALOG_COMPILER_INCLUDE_ALL_APPICON_ASSETS = YES;
				ASSETCATALOG_COMPILER_STANDALONE_ICON_BEHAVIOR = default;
				CLANG_ANALYZER_NONNULL = YES;
				CLANG_ANALYZER_NUMBER_OBJECT_CONVERSION = YES_AGGRESSIVE;
				CLANG_CXX_LANGUAGE_STANDARD = "gnu++17";
				CLANG_ENABLE_MODULES = YES;
				CLANG_ENABLE_OBJC_ARC = YES;
				CLANG_ENABLE_OBJC_WEAK = YES;
				CLANG_WARN_BLOCK_CAPTURE_AUTORELEASING = YES;
				CLANG_WARN_BOOL_CONVERSION = YES;
				CLANG_WARN_COMMA = YES;
				CLANG_WARN_CONSTANT_CONVERSION = YES;
				CLANG_WARN_DEPRECATED_OBJC_IMPLEMENTATIONS = YES;
				CLANG_WARN_DIRECT_OBJC_ISA_USAGE = YES_ERROR;
				CLANG_WARN_DOCUMENTATION_COMMENTS = YES;
				CLANG_WARN_EMPTY_BODY = YES;
				CLANG_WARN_ENUM_CONVERSION = YES;
				CLANG_WARN_INFINITE_RECURSION = YES;
				CLANG_WARN_INT_CONVERSION = YES;
				CLANG_WARN_NON_LITERAL_NULL_CONVERSION = YES;
				CLANG_WARN_OBJC_IMPLICIT_RETAIN_SELF = YES;
				CLANG_WARN_OBJC_LITERAL_CONVERSION = YES;
				CLANG_WARN_OBJC_ROOT_CLASS = YES_ERROR;
				CLANG_WARN_QUOTED_INCLUDE_IN_FRAMEWORK_HEADER = YES;
				CLANG_WARN_RANGE_LOOP_ANALYSIS = YES;
				CLANG_WARN_STRICT_PROTOTYPES = YES;
				CLANG_WARN_SUSPICIOUS_MOVE = YES;
				CLANG_WARN_UNGUARDED_AVAILABILITY = YES_AGGRESSIVE;
				CLANG_WARN_UNREACHABLE_CODE = YES;
				CLANG_WARN__DUPLICATE_METHOD_MATCH = YES;
				COPY_PHASE_STRIP = NO;
				DEBUG_INFORMATION_FORMAT = dwarf;
				DONT_GENERATE_INFOPLIST_FILE = NO;
				ENABLE_STRICT_OBJC_MSGSEND = YES;
				ENABLE_TESTABILITY = YES;
				GCC_C_LANGUAGE_STANDARD = gnu11;
				GCC_DYNAMIC_NO_PIC = NO;
				GCC_NO_COMMON_BLOCKS = YES;
				GCC_OPTIMIZATION_LEVEL = 0;
				GCC_PREPROCESSOR_DEFINITIONS = (
					"DEBUG=1",
					"$(inherited)",
				);
				GCC_WARN_64_TO_32_BIT_CONVERSION = YES;
				GCC_WARN_ABOUT_RETURN_TYPE = YES_ERROR;
				GCC_WARN_UNDECLARED_SELECTOR = YES;
				GCC_WARN_UNINITIALIZED_AUTOS = YES_AGGRESSIVE;
				GCC_WARN_UNUSED_FUNCTION = YES;
				GCC_WARN_UNUSED_VARIABLE = YES;
				GENERATE_INFOPLIST_FILE = YES;
				INFOPLIST_FILE = "";
				IPHONEOS_DEPLOYMENT_TARGET = 16.0;
				MTL_ENABLE_DEBUG_INFO = INCLUDE_SOURCE;
				MTL_FAST_MATH = YES;
				ONLY_ACTIVE_ARCH = YES;
				SDKROOT = iphoneos;
				SWIFT_ACTIVE_COMPILATION_CONDITIONS = DEBUG;
				SWIFT_OPTIMIZATION_LEVEL = "-Onone";
			};
			name = Debug;
		};
		DB560C5D287A6CCA00CC891A /* Release */ = {
			isa = XCBuildConfiguration;
			buildSettings = {
				ALWAYS_SEARCH_USER_PATHS = NO;
				ASSETCATALOG_COMPILER_ALTERNATE_APPICON_NAMES = "";
				ASSETCATALOG_COMPILER_APPICON_NAME = AppIcon;
				ASSETCATALOG_COMPILER_INCLUDE_ALL_APPICON_ASSETS = YES;
				ASSETCATALOG_COMPILER_STANDALONE_ICON_BEHAVIOR = default;
				CLANG_ANALYZER_NONNULL = YES;
				CLANG_ANALYZER_NUMBER_OBJECT_CONVERSION = YES_AGGRESSIVE;
				CLANG_CXX_LANGUAGE_STANDARD = "gnu++17";
				CLANG_ENABLE_MODULES = YES;
				CLANG_ENABLE_OBJC_ARC = YES;
				CLANG_ENABLE_OBJC_WEAK = YES;
				CLANG_WARN_BLOCK_CAPTURE_AUTORELEASING = YES;
				CLANG_WARN_BOOL_CONVERSION = YES;
				CLANG_WARN_COMMA = YES;
				CLANG_WARN_CONSTANT_CONVERSION = YES;
				CLANG_WARN_DEPRECATED_OBJC_IMPLEMENTATIONS = YES;
				CLANG_WARN_DIRECT_OBJC_ISA_USAGE = YES_ERROR;
				CLANG_WARN_DOCUMENTATION_COMMENTS = YES;
				CLANG_WARN_EMPTY_BODY = YES;
				CLANG_WARN_ENUM_CONVERSION = YES;
				CLANG_WARN_INFINITE_RECURSION = YES;
				CLANG_WARN_INT_CONVERSION = YES;
				CLANG_WARN_NON_LITERAL_NULL_CONVERSION = YES;
				CLANG_WARN_OBJC_IMPLICIT_RETAIN_SELF = YES;
				CLANG_WARN_OBJC_LITERAL_CONVERSION = YES;
				CLANG_WARN_OBJC_ROOT_CLASS = YES_ERROR;
				CLANG_WARN_QUOTED_INCLUDE_IN_FRAMEWORK_HEADER = YES;
				CLANG_WARN_RANGE_LOOP_ANALYSIS = YES;
				CLANG_WARN_STRICT_PROTOTYPES = YES;
				CLANG_WARN_SUSPICIOUS_MOVE = YES;
				CLANG_WARN_UNGUARDED_AVAILABILITY = YES_AGGRESSIVE;
				CLANG_WARN_UNREACHABLE_CODE = YES;
				CLANG_WARN__DUPLICATE_METHOD_MATCH = YES;
				COPY_PHASE_STRIP = NO;
				DEBUG_INFORMATION_FORMAT = "dwarf-with-dsym";
				DONT_GENERATE_INFOPLIST_FILE = NO;
				ENABLE_NS_ASSERTIONS = NO;
				ENABLE_STRICT_OBJC_MSGSEND = YES;
				GCC_C_LANGUAGE_STANDARD = gnu11;
				GCC_NO_COMMON_BLOCKS = YES;
				GCC_WARN_64_TO_32_BIT_CONVERSION = YES;
				GCC_WARN_ABOUT_RETURN_TYPE = YES_ERROR;
				GCC_WARN_UNDECLARED_SELECTOR = YES;
				GCC_WARN_UNINITIALIZED_AUTOS = YES_AGGRESSIVE;
				GCC_WARN_UNUSED_FUNCTION = YES;
				GCC_WARN_UNUSED_VARIABLE = YES;
				GENERATE_INFOPLIST_FILE = YES;
				INFOPLIST_FILE = "";
				IPHONEOS_DEPLOYMENT_TARGET = 16.0;
				MTL_ENABLE_DEBUG_INFO = NO;
				MTL_FAST_MATH = YES;
				SDKROOT = iphoneos;
				SWIFT_COMPILATION_MODE = wholemodule;
				SWIFT_OPTIMIZATION_LEVEL = "-O";
				VALIDATE_PRODUCT = YES;
			};
			name = Release;
		};
		DB560C5F287A6CCA00CC891A /* Debug */ = {
			isa = XCBuildConfiguration;
			buildSettings = {
				ASSETCATALOG_COMPILER_ALTERNATE_APPICON_NAMES = "";
				ASSETCATALOG_COMPILER_APPICON_NAME = AppIcon;
				ASSETCATALOG_COMPILER_GLOBAL_ACCENT_COLOR_NAME = AccentColor;
				ASSETCATALOG_COMPILER_INCLUDE_ALL_APPICON_ASSETS = YES;
				CODE_SIGN_IDENTITY = "Apple Development";
				CODE_SIGN_STYLE = Automatic;
				CURRENT_PROJECT_VERSION = 1;
				DEVELOPMENT_ASSET_PATHS = "";
				DEVELOPMENT_TEAM = 78FCYG6ZD9;
				DONT_GENERATE_INFOPLIST_FILE = NO;
				ENABLE_BITCODE = YES;
				ENABLE_PREVIEWS = YES;
				GENERATE_INFOPLIST_FILE = YES;
				INFOPLIST_FILE = "";
				INFOPLIST_KEY_CFBundleDisplayName = Factor;
				INFOPLIST_KEY_LSApplicationCategoryType = "public.app-category.photography";
				INFOPLIST_KEY_NSCameraUsageDescription = "";
				INFOPLIST_KEY_NSLocationUsageDescription = "Factor would like to use your location for use in the exposure log.";
				INFOPLIST_KEY_NSLocationWhenInUseUsageDescription = "Factor would like to use your location for use in the exposure log. Factor will never request your location data in the background.";
				INFOPLIST_KEY_UIApplicationSceneManifest_Generation = YES;
				INFOPLIST_KEY_UIApplicationSupportsIndirectInputEvents = YES;
				INFOPLIST_KEY_UILaunchScreen_Generation = YES;
				INFOPLIST_KEY_UISupportedInterfaceOrientations = UIInterfaceOrientationPortrait;
				INFOPLIST_KEY_UISupportedInterfaceOrientations_iPad = "UIInterfaceOrientationLandscapeLeft UIInterfaceOrientationLandscapeRight UIInterfaceOrientationPortrait UIInterfaceOrientationPortraitUpsideDown";
				IPHONEOS_DEPLOYMENT_TARGET = 16.0;
				LD_RUNPATH_SEARCH_PATHS = (
					"$(inherited)",
					"@executable_path/Frameworks",
				);
				MARKETING_VERSION = 2.1;
				PRODUCT_BUNDLE_IDENTIFIER = "Haptic-Software.Ansel.iOS";
				PRODUCT_NAME = "$(TARGET_NAME)";
				PROVISIONING_PROFILE_SPECIFIER = "";
				SUPPORTED_PLATFORMS = "iphoneos iphonesimulator";
				SUPPORTS_MACCATALYST = NO;
				SUPPORTS_MAC_DESIGNED_FOR_IPHONE_IPAD = NO;
				SWIFT_EMIT_LOC_STRINGS = YES;
				SWIFT_VERSION = 5.0;
				TARGETED_DEVICE_FAMILY = 1;
			};
			name = Debug;
		};
		DB560C60287A6CCA00CC891A /* Release */ = {
			isa = XCBuildConfiguration;
			buildSettings = {
				ASSETCATALOG_COMPILER_ALTERNATE_APPICON_NAMES = "";
				ASSETCATALOG_COMPILER_APPICON_NAME = AppIcon;
				ASSETCATALOG_COMPILER_GLOBAL_ACCENT_COLOR_NAME = AccentColor;
				ASSETCATALOG_COMPILER_INCLUDE_ALL_APPICON_ASSETS = YES;
				CODE_SIGN_IDENTITY = "Apple Development";
				CODE_SIGN_STYLE = Automatic;
				CURRENT_PROJECT_VERSION = 1;
				DEVELOPMENT_ASSET_PATHS = "";
				DEVELOPMENT_TEAM = 78FCYG6ZD9;
				DONT_GENERATE_INFOPLIST_FILE = NO;
				ENABLE_BITCODE = YES;
				ENABLE_PREVIEWS = YES;
				GENERATE_INFOPLIST_FILE = YES;
				INFOPLIST_FILE = "";
				INFOPLIST_KEY_CFBundleDisplayName = Factor;
				INFOPLIST_KEY_LSApplicationCategoryType = "public.app-category.photography";
				INFOPLIST_KEY_NSCameraUsageDescription = "";
				INFOPLIST_KEY_NSLocationUsageDescription = "Factor would like to use your location for use in the exposure log.";
				INFOPLIST_KEY_NSLocationWhenInUseUsageDescription = "Factor would like to use your location for use in the exposure log. Factor will never request your location data in the background.";
				INFOPLIST_KEY_UIApplicationSceneManifest_Generation = YES;
				INFOPLIST_KEY_UIApplicationSupportsIndirectInputEvents = YES;
				INFOPLIST_KEY_UILaunchScreen_Generation = YES;
				INFOPLIST_KEY_UISupportedInterfaceOrientations = UIInterfaceOrientationPortrait;
				INFOPLIST_KEY_UISupportedInterfaceOrientations_iPad = "UIInterfaceOrientationLandscapeLeft UIInterfaceOrientationLandscapeRight UIInterfaceOrientationPortrait UIInterfaceOrientationPortraitUpsideDown";
				IPHONEOS_DEPLOYMENT_TARGET = 16.0;
				LD_RUNPATH_SEARCH_PATHS = (
					"$(inherited)",
					"@executable_path/Frameworks",
				);
				MARKETING_VERSION = 2.1;
				PRODUCT_BUNDLE_IDENTIFIER = "Haptic-Software.Ansel.iOS";
				PRODUCT_NAME = "$(TARGET_NAME)";
				PROVISIONING_PROFILE_SPECIFIER = "";
				SUPPORTED_PLATFORMS = "iphoneos iphonesimulator";
				SUPPORTS_MACCATALYST = NO;
				SUPPORTS_MAC_DESIGNED_FOR_IPHONE_IPAD = NO;
				SWIFT_EMIT_LOC_STRINGS = YES;
				SWIFT_VERSION = 5.0;
				TARGETED_DEVICE_FAMILY = 1;
			};
			name = Release;
		};
/* End XCBuildConfiguration section */

/* Begin XCConfigurationList section */
		DB560C30287A6CC700CC891A /* Build configuration list for PBXProject "Factor" */ = {
			isa = XCConfigurationList;
			buildConfigurations = (
				DB560C5C287A6CCA00CC891A /* Debug */,
				DB560C5D287A6CCA00CC891A /* Release */,
			);
			defaultConfigurationIsVisible = 0;
			defaultConfigurationName = Release;
		};
		DB560C5E287A6CCA00CC891A /* Build configuration list for PBXNativeTarget "Factor" */ = {
			isa = XCConfigurationList;
			buildConfigurations = (
				DB560C5F287A6CCA00CC891A /* Debug */,
				DB560C60287A6CCA00CC891A /* Release */,
			);
			defaultConfigurationIsVisible = 0;
			defaultConfigurationName = Release;
		};
/* End XCConfigurationList section */

/* Begin XCVersionGroup section */
		DB560C43287A6CCA00CC891A /* Lumen.xcdatamodeld */ = {
			isa = XCVersionGroup;
			children = (
				DB560C44287A6CCA00CC891A /* Lumen.xcdatamodel */,
			);
			currentVersion = DB560C44287A6CCA00CC891A /* Lumen.xcdatamodel */;
			path = Lumen.xcdatamodeld;
			sourceTree = "<group>";
			versionGroupType = wrapper.xcdatamodel;
		};
/* End XCVersionGroup section */
	};
	rootObject = DB560C2D287A6CC700CC891A /* Project object */;
}
